// !$*UTF8*$!
{
	archiveVersion = 1;
	classes = {
	};
	objectVersion = 46;
	objects = {

/* Begin PBXBuildFile section */
		030C41291B04F334004F1ECE /* FlickrManager.m in Sources */ = {isa = PBXBuildFile; fileRef = 030C41281B04F334004F1ECE /* FlickrManager.m */; };
		030C412C1B050B22004F1ECE /* CurrentFeedInitializeViewController.m in Sources */ = {isa = PBXBuildFile; fileRef = 030C412B1B050B22004F1ECE /* CurrentFeedInitializeViewController.m */; };
		030C41321B051EC1004F1ECE /* GoogleMapsManager.m in Sources */ = {isa = PBXBuildFile; fileRef = 030C41311B051EC1004F1ECE /* GoogleMapsManager.m */; };
		030C41391B0541A5004F1ECE /* LocationRangeSlider.m in Sources */ = {isa = PBXBuildFile; fileRef = 030C41381B0541A5004F1ECE /* LocationRangeSlider.m */; };
		031BC92F1B1F87ED007DFCFB /* DataManager.m in Sources */ = {isa = PBXBuildFile; fileRef = 031BC92E1B1F87ED007DFCFB /* DataManager.m */; };
		032C76311B03C9A100C78CB0 /* FeedLocationModel.m in Sources */ = {isa = PBXBuildFile; fileRef = 032C76301B03C9A100C78CB0 /* FeedLocationModel.m */; };
		032C76461B03F06D00C78CB0 /* FacebookManager.m in Sources */ = {isa = PBXBuildFile; fileRef = 032C76431B03F06D00C78CB0 /* FacebookManager.m */; };
		032C76471B03F06D00C78CB0 /* ParseManager.m in Sources */ = {isa = PBXBuildFile; fileRef = 032C76451B03F06D00C78CB0 /* ParseManager.m */; };
		032C764A1B03F0A400C78CB0 /* LoginViewController.m in Sources */ = {isa = PBXBuildFile; fileRef = 032C76491B03F0A400C78CB0 /* LoginViewController.m */; };
		032C764D1B03F0DE00C78CB0 /* SignUpViewController.m in Sources */ = {isa = PBXBuildFile; fileRef = 032C764C1B03F0DE00C78CB0 /* SignUpViewController.m */; };
		032C76501B03F8FC00C78CB0 /* SignUpEmailFormViewController.m in Sources */ = {isa = PBXBuildFile; fileRef = 032C764F1B03F8FC00C78CB0 /* SignUpEmailFormViewController.m */; };
		032C76531B03FC1100C78CB0 /* SignUpEmailSentViewController.m in Sources */ = {isa = PBXBuildFile; fileRef = 032C76521B03FC1100C78CB0 /* SignUpEmailSentViewController.m */; };
		032C76571B0407D000C78CB0 /* UserModel.m in Sources */ = {isa = PBXBuildFile; fileRef = 032C76561B0407D000C78CB0 /* UserModel.m */; };
		032C765A1B041CFE00C78CB0 /* FeedViewController.m in Sources */ = {isa = PBXBuildFile; fileRef = 032C76591B041CFE00C78CB0 /* FeedViewController.m */; };
		033B732B1B0CB62800355581 /* FeedHeaderHeroView.m in Sources */ = {isa = PBXBuildFile; fileRef = 033B732A1B0CB62800355581 /* FeedHeaderHeroView.m */; };
		033B732D1B0CB64000355581 /* FeedHeaderHeroView.xib in Resources */ = {isa = PBXBuildFile; fileRef = 033B732C1B0CB64000355581 /* FeedHeaderHeroView.xib */; };
		033B73321B0D039500355581 /* FeedSliderMenuView.m in Sources */ = {isa = PBXBuildFile; fileRef = 033B73311B0D039500355581 /* FeedSliderMenuView.m */; };
		0349E3B81B2871F30036F6D1 /* FeedSettingToggleCell.m in Sources */ = {isa = PBXBuildFile; fileRef = 0349E3B61B2871F30036F6D1 /* FeedSettingToggleCell.m */; };
		0349E3B91B2871F30036F6D1 /* FeedSettingToggleCell.xib in Resources */ = {isa = PBXBuildFile; fileRef = 0349E3B71B2871F30036F6D1 /* FeedSettingToggleCell.xib */; };
		0353B4891B0E3C1400CE3750 /* Interstate Bold Cond.ttf in Resources */ = {isa = PBXBuildFile; fileRef = 0353B4771B0E3C1400CE3750 /* Interstate Bold Cond.ttf */; };
		0353B48A1B0E3C1400CE3750 /* Interstate Cond Mono - Blk.ttf in Resources */ = {isa = PBXBuildFile; fileRef = 0353B4781B0E3C1400CE3750 /* Interstate Cond Mono - Blk.ttf */; };
		0353B48B1B0E3C1400CE3750 /* Interstate Cond Mono - Lgt.ttf in Resources */ = {isa = PBXBuildFile; fileRef = 0353B4791B0E3C1400CE3750 /* Interstate Cond Mono - Lgt.ttf */; };
		0353B48C1B0E3C1400CE3750 /* Interstate Cond Mono.ttf in Resources */ = {isa = PBXBuildFile; fileRef = 0353B47A1B0E3C1400CE3750 /* Interstate Cond Mono.ttf */; };
		0353B48D1B0E3C1400CE3750 /* Interstate ExtraLight Cond.ttf in Resources */ = {isa = PBXBuildFile; fileRef = 0353B47B1B0E3C1400CE3750 /* Interstate ExtraLight Cond.ttf */; };
		0353B48E1B0E3C1400CE3750 /* Interstate Light Cond.ttf in Resources */ = {isa = PBXBuildFile; fileRef = 0353B47C1B0E3C1400CE3750 /* Interstate Light Cond.ttf */; };
		0353B48F1B0E3C1400CE3750 /* Interstate-BlackCondensed.ttf in Resources */ = {isa = PBXBuildFile; fileRef = 0353B47D1B0E3C1400CE3750 /* Interstate-BlackCondensed.ttf */; };
		0353B4901B0E3C1400CE3750 /* Interstate-HairlineCondensed.ttf in Resources */ = {isa = PBXBuildFile; fileRef = 0353B47E1B0E3C1400CE3750 /* Interstate-HairlineCondensed.ttf */; };
		0353B4911B0E3C1400CE3750 /* Interstate-LightCond.otf in Resources */ = {isa = PBXBuildFile; fileRef = 0353B47F1B0E3C1400CE3750 /* Interstate-LightCond.otf */; };
		0353B4921B0E3C1400CE3750 /* Interstate-LightCondensed.otf in Resources */ = {isa = PBXBuildFile; fileRef = 0353B4801B0E3C1400CE3750 /* Interstate-LightCondensed.otf */; };
		0353B4931B0E3C1400CE3750 /* Interstate-LightCondensed.ttf in Resources */ = {isa = PBXBuildFile; fileRef = 0353B4811B0E3C1400CE3750 /* Interstate-LightCondensed.ttf */; };
		0353B4941B0E3C1400CE3750 /* Interstate-RegularCond.otf in Resources */ = {isa = PBXBuildFile; fileRef = 0353B4821B0E3C1400CE3750 /* Interstate-RegularCond.otf */; };
		0353B4951B0E3C1400CE3750 /* Interstate-RegularCondensed.otf in Resources */ = {isa = PBXBuildFile; fileRef = 0353B4831B0E3C1400CE3750 /* Interstate-RegularCondensed.otf */; };
		0353B4961B0E3C1400CE3750 /* Interstate-RegularCondensed.ttf in Resources */ = {isa = PBXBuildFile; fileRef = 0353B4841B0E3C1400CE3750 /* Interstate-RegularCondensed.ttf */; };
		0353B4971B0E3C1400CE3750 /* Interstate-ThinCondensed.ttf in Resources */ = {isa = PBXBuildFile; fileRef = 0353B4851B0E3C1400CE3750 /* Interstate-ThinCondensed.ttf */; };
		0353B4981B0E3C1400CE3750 /* InterstateCond.ttf in Resources */ = {isa = PBXBuildFile; fileRef = 0353B4861B0E3C1400CE3750 /* InterstateCond.ttf */; };
		0353B4991B0E3C1400CE3750 /* InterstateCondBlack.ttf in Resources */ = {isa = PBXBuildFile; fileRef = 0353B4871B0E3C1400CE3750 /* InterstateCondBlack.ttf */; };
		0353B49A1B0E3C1400CE3750 /* InterstateLightCondensed.ttf in Resources */ = {isa = PBXBuildFile; fileRef = 0353B4881B0E3C1400CE3750 /* InterstateLightCondensed.ttf */; };
		0353B49F1B0E3D3300CE3750 /* BusyView.xib in Resources */ = {isa = PBXBuildFile; fileRef = 0353B49E1B0E3D3300CE3750 /* BusyView.xib */; };
		0353B4A21B0E3D5500CE3750 /* BusyView.m in Sources */ = {isa = PBXBuildFile; fileRef = 0353B4A11B0E3D5500CE3750 /* BusyView.m */; };
		0355982F1B2F198800D42A33 /* LocationRangeSlider.xib in Resources */ = {isa = PBXBuildFile; fileRef = 0355982E1B2F198800D42A33 /* LocationRangeSlider.xib */; };
		036CA1C41AFBC88F0064AB6C /* main.m in Sources */ = {isa = PBXBuildFile; fileRef = 036CA1C31AFBC88F0064AB6C /* main.m */; };
		036CA1C71AFBC88F0064AB6C /* AppDelegate.m in Sources */ = {isa = PBXBuildFile; fileRef = 036CA1C61AFBC88F0064AB6C /* AppDelegate.m */; };
		036CA1CD1AFBC88F0064AB6C /* Main.storyboard in Resources */ = {isa = PBXBuildFile; fileRef = 036CA1CB1AFBC88F0064AB6C /* Main.storyboard */; };
		036CA1CF1AFBC88F0064AB6C /* Images.xcassets in Resources */ = {isa = PBXBuildFile; fileRef = 036CA1CE1AFBC88F0064AB6C /* Images.xcassets */; };
		036CA1D21AFBC88F0064AB6C /* LaunchScreen.xib in Resources */ = {isa = PBXBuildFile; fileRef = 036CA1D01AFBC88F0064AB6C /* LaunchScreen.xib */; };
		03C2CF291B307BC500463BDC /* ImageUploadView.m in Sources */ = {isa = PBXBuildFile; fileRef = 03C2CF281B307BC500463BDC /* ImageUploadView.m */; };
		03C2CF2C1B307BFB00463BDC /* ImageUploadView.xib in Resources */ = {isa = PBXBuildFile; fileRef = 03C2CF2B1B307BFB00463BDC /* ImageUploadView.xib */; };
		03D595C71B06269B00C48F25 /* AppUtilities.m in Sources */ = {isa = PBXBuildFile; fileRef = 03D595C61B06269B00C48F25 /* AppUtilities.m */; };
		03F71A5A1B2076B8006F4088 /* SlideNavigationController.m in Sources */ = {isa = PBXBuildFile; fileRef = 03F71A591B2076B8006F4088 /* SlideNavigationController.m */; };
		03F71A671B2076D3006F4088 /* SlideNavigationContorllerAnimatorFade.m in Sources */ = {isa = PBXBuildFile; fileRef = 03F71A5E1B2076D3006F4088 /* SlideNavigationContorllerAnimatorFade.m */; };
		03F71A681B2076D3006F4088 /* SlideNavigationContorllerAnimatorScale.m in Sources */ = {isa = PBXBuildFile; fileRef = 03F71A601B2076D3006F4088 /* SlideNavigationContorllerAnimatorScale.m */; };
		03F71A691B2076D3006F4088 /* SlideNavigationContorllerAnimatorScaleAndFade.m in Sources */ = {isa = PBXBuildFile; fileRef = 03F71A621B2076D3006F4088 /* SlideNavigationContorllerAnimatorScaleAndFade.m */; };
		03F71A6A1B2076D3006F4088 /* SlideNavigationContorllerAnimatorSlide.m in Sources */ = {isa = PBXBuildFile; fileRef = 03F71A641B2076D3006F4088 /* SlideNavigationContorllerAnimatorSlide.m */; };
		03F71A6B1B2076D3006F4088 /* SlideNavigationContorllerAnimatorSlideAndFade.m in Sources */ = {isa = PBXBuildFile; fileRef = 03F71A661B2076D3006F4088 /* SlideNavigationContorllerAnimatorSlideAndFade.m */; };
		03F71A711B20BAC4006F4088 /* FeedMenuTableViewController.m in Sources */ = {isa = PBXBuildFile; fileRef = 03F71A701B20BAC4006F4088 /* FeedMenuTableViewController.m */; };
		03F71A751B20C0B0006F4088 /* FeedMenuTableViewCell.m in Sources */ = {isa = PBXBuildFile; fileRef = 03F71A741B20C0B0006F4088 /* FeedMenuTableViewCell.m */; };
		03F71A791B20C425006F4088 /* FeedAddNewTableViewCell.m in Sources */ = {isa = PBXBuildFile; fileRef = 03F71A771B20C425006F4088 /* FeedAddNewTableViewCell.m */; };
		03F71A7A1B20C425006F4088 /* FeedAddNewTableViewCell.xib in Resources */ = {isa = PBXBuildFile; fileRef = 03F71A781B20C425006F4088 /* FeedAddNewTableViewCell.xib */; };
		03FA85C21B2A25D600F68102 /* CameraOverlayView.m in Sources */ = {isa = PBXBuildFile; fileRef = 03FA85C01B2A25D600F68102 /* CameraOverlayView.m */; };
		03FA85C31B2A25D600F68102 /* CameraOverlayView.xib in Resources */ = {isa = PBXBuildFile; fileRef = 03FA85C11B2A25D600F68102 /* CameraOverlayView.xib */; };
		03FCEE871B2B0C36006D3FF3 /* LocalityBaseViewController.m in Sources */ = {isa = PBXBuildFile; fileRef = 03FCEE861B2B0C36006D3FF3 /* LocalityBaseViewController.m */; };
		03FCEE8E1B2B1093006D3FF3 /* UIColor+LocalityColor.m in Sources */ = {isa = PBXBuildFile; fileRef = 03FCEE8D1B2B1093006D3FF3 /* UIColor+LocalityColor.m */; };
		03FCEE911B2B18D2006D3FF3 /* LocalityHeaderView.m in Sources */ = {isa = PBXBuildFile; fileRef = 03FCEE901B2B18D2006D3FF3 /* LocalityHeaderView.m */; };
		03FCEE961B2B2AFB006D3FF3 /* HeaderIconButton.m in Sources */ = {isa = PBXBuildFile; fileRef = 03FCEE951B2B2AFB006D3FF3 /* HeaderIconButton.m */; };
		03FCEE991B2B3B03006D3FF3 /* HeaderIconModel.m in Sources */ = {isa = PBXBuildFile; fileRef = 03FCEE981B2B3B03006D3FF3 /* HeaderIconModel.m */; };
		03FCEE9D1B2B4699006D3FF3 /* MapBoxManager.m in Sources */ = {isa = PBXBuildFile; fileRef = 03FCEE9C1B2B4699006D3FF3 /* MapBoxManager.m */; };
		4823EA5EEC9A9D8CFC3335D3 /* libPods-locality.a in Frameworks */ = {isa = PBXBuildFile; fileRef = 7D973429C6A2108EE94A211B /* libPods-locality.a */; };
		4E777E631B0F6A3100EEAEFC /* FeedSettingsViewController.m in Sources */ = {isa = PBXBuildFile; fileRef = 4E777E621B0F6A3100EEAEFC /* FeedSettingsViewController.m */; };
		4E777E671B0F6A6D00EEAEFC /* PostDetailViewController.m in Sources */ = {isa = PBXBuildFile; fileRef = 4E777E661B0F6A6D00EEAEFC /* PostDetailViewController.m */; };
		4E9D5AE11B133C5A00302886 /* PostCreateViewController.m in Sources */ = {isa = PBXBuildFile; fileRef = 4E9D5AE01B133C5A00302886 /* PostCreateViewController.m */; };
		4E9D5AED1B15FA0200302886 /* PostModel.m in Sources */ = {isa = PBXBuildFile; fileRef = 4E9D5AEC1B15FA0200302886 /* PostModel.m */; };
/* End PBXBuildFile section */

/* Begin PBXFileReference section */
		030C41271B04F334004F1ECE /* FlickrManager.h */ = {isa = PBXFileReference; fileEncoding = 4; lastKnownFileType = sourcecode.c.h; name = FlickrManager.h; path = manager/FlickrManager.h; sourceTree = "<group>"; };
		030C41281B04F334004F1ECE /* FlickrManager.m */ = {isa = PBXFileReference; fileEncoding = 4; lastKnownFileType = sourcecode.c.objc; name = FlickrManager.m; path = manager/FlickrManager.m; sourceTree = "<group>"; };
		030C412A1B050B22004F1ECE /* CurrentFeedInitializeViewController.h */ = {isa = PBXFileReference; fileEncoding = 4; lastKnownFileType = sourcecode.c.h; name = CurrentFeedInitializeViewController.h; path = viewcontroller/CurrentFeedInitializeViewController.h; sourceTree = "<group>"; };
		030C412B1B050B22004F1ECE /* CurrentFeedInitializeViewController.m */ = {isa = PBXFileReference; fileEncoding = 4; lastKnownFileType = sourcecode.c.objc; name = CurrentFeedInitializeViewController.m; path = viewcontroller/CurrentFeedInitializeViewController.m; sourceTree = "<group>"; };
		030C41301B051EC1004F1ECE /* GoogleMapsManager.h */ = {isa = PBXFileReference; fileEncoding = 4; lastKnownFileType = sourcecode.c.h; name = GoogleMapsManager.h; path = manager/GoogleMapsManager.h; sourceTree = "<group>"; };
		030C41311B051EC1004F1ECE /* GoogleMapsManager.m */ = {isa = PBXFileReference; fileEncoding = 4; lastKnownFileType = sourcecode.c.objc; name = GoogleMapsManager.m; path = manager/GoogleMapsManager.m; sourceTree = "<group>"; };
		030C41371B0541A5004F1ECE /* LocationRangeSlider.h */ = {isa = PBXFileReference; fileEncoding = 4; lastKnownFileType = sourcecode.c.h; name = LocationRangeSlider.h; path = custom_ui/LocationRangeSlider.h; sourceTree = "<group>"; };
		030C41381B0541A5004F1ECE /* LocationRangeSlider.m */ = {isa = PBXFileReference; fileEncoding = 4; lastKnownFileType = sourcecode.c.objc; name = LocationRangeSlider.m; path = custom_ui/LocationRangeSlider.m; sourceTree = "<group>"; };
		031BC92D1B1F87ED007DFCFB /* DataManager.h */ = {isa = PBXFileReference; fileEncoding = 4; lastKnownFileType = sourcecode.c.h; name = DataManager.h; path = manager/DataManager.h; sourceTree = "<group>"; };
		031BC92E1B1F87ED007DFCFB /* DataManager.m */ = {isa = PBXFileReference; fileEncoding = 4; lastKnownFileType = sourcecode.c.objc; name = DataManager.m; path = manager/DataManager.m; sourceTree = "<group>"; };
		032C762F1B03C9A100C78CB0 /* FeedLocationModel.h */ = {isa = PBXFileReference; fileEncoding = 4; lastKnownFileType = sourcecode.c.h; name = FeedLocationModel.h; path = model/FeedLocationModel.h; sourceTree = "<group>"; };
		032C76301B03C9A100C78CB0 /* FeedLocationModel.m */ = {isa = PBXFileReference; fileEncoding = 4; lastKnownFileType = sourcecode.c.objc; name = FeedLocationModel.m; path = model/FeedLocationModel.m; sourceTree = "<group>"; };
		032C76331B03EFA100C78CB0 /* config.h */ = {isa = PBXFileReference; fileEncoding = 4; lastKnownFileType = sourcecode.c.h; path = config.h; sourceTree = "<group>"; };
		032C76421B03F06D00C78CB0 /* FacebookManager.h */ = {isa = PBXFileReference; fileEncoding = 4; lastKnownFileType = sourcecode.c.h; name = FacebookManager.h; path = manager/FacebookManager.h; sourceTree = "<group>"; };
		032C76431B03F06D00C78CB0 /* FacebookManager.m */ = {isa = PBXFileReference; fileEncoding = 4; lastKnownFileType = sourcecode.c.objc; name = FacebookManager.m; path = manager/FacebookManager.m; sourceTree = "<group>"; };
		032C76441B03F06D00C78CB0 /* ParseManager.h */ = {isa = PBXFileReference; fileEncoding = 4; lastKnownFileType = sourcecode.c.h; name = ParseManager.h; path = manager/ParseManager.h; sourceTree = "<group>"; };
		032C76451B03F06D00C78CB0 /* ParseManager.m */ = {isa = PBXFileReference; fileEncoding = 4; lastKnownFileType = sourcecode.c.objc; name = ParseManager.m; path = manager/ParseManager.m; sourceTree = "<group>"; };
		032C76481B03F0A400C78CB0 /* LoginViewController.h */ = {isa = PBXFileReference; fileEncoding = 4; lastKnownFileType = sourcecode.c.h; name = LoginViewController.h; path = viewcontroller/LoginViewController.h; sourceTree = "<group>"; };
		032C76491B03F0A400C78CB0 /* LoginViewController.m */ = {isa = PBXFileReference; fileEncoding = 4; lastKnownFileType = sourcecode.c.objc; name = LoginViewController.m; path = viewcontroller/LoginViewController.m; sourceTree = "<group>"; };
		032C764B1B03F0DE00C78CB0 /* SignUpViewController.h */ = {isa = PBXFileReference; fileEncoding = 4; lastKnownFileType = sourcecode.c.h; name = SignUpViewController.h; path = viewcontroller/SignUpViewController.h; sourceTree = "<group>"; };
		032C764C1B03F0DE00C78CB0 /* SignUpViewController.m */ = {isa = PBXFileReference; fileEncoding = 4; lastKnownFileType = sourcecode.c.objc; name = SignUpViewController.m; path = viewcontroller/SignUpViewController.m; sourceTree = "<group>"; };
		032C764E1B03F8FC00C78CB0 /* SignUpEmailFormViewController.h */ = {isa = PBXFileReference; fileEncoding = 4; lastKnownFileType = sourcecode.c.h; name = SignUpEmailFormViewController.h; path = viewcontroller/SignUpEmailFormViewController.h; sourceTree = "<group>"; };
		032C764F1B03F8FC00C78CB0 /* SignUpEmailFormViewController.m */ = {isa = PBXFileReference; fileEncoding = 4; lastKnownFileType = sourcecode.c.objc; name = SignUpEmailFormViewController.m; path = viewcontroller/SignUpEmailFormViewController.m; sourceTree = "<group>"; };
		032C76511B03FC1100C78CB0 /* SignUpEmailSentViewController.h */ = {isa = PBXFileReference; fileEncoding = 4; lastKnownFileType = sourcecode.c.h; name = SignUpEmailSentViewController.h; path = viewcontroller/SignUpEmailSentViewController.h; sourceTree = "<group>"; };
		032C76521B03FC1100C78CB0 /* SignUpEmailSentViewController.m */ = {isa = PBXFileReference; fileEncoding = 4; lastKnownFileType = sourcecode.c.objc; name = SignUpEmailSentViewController.m; path = viewcontroller/SignUpEmailSentViewController.m; sourceTree = "<group>"; };
		032C76551B0407D000C78CB0 /* UserModel.h */ = {isa = PBXFileReference; fileEncoding = 4; lastKnownFileType = sourcecode.c.h; name = UserModel.h; path = model/UserModel.h; sourceTree = "<group>"; };
		032C76561B0407D000C78CB0 /* UserModel.m */ = {isa = PBXFileReference; fileEncoding = 4; lastKnownFileType = sourcecode.c.objc; name = UserModel.m; path = model/UserModel.m; sourceTree = "<group>"; };
		032C76581B041CFE00C78CB0 /* FeedViewController.h */ = {isa = PBXFileReference; fileEncoding = 4; lastKnownFileType = sourcecode.c.h; name = FeedViewController.h; path = viewcontroller/FeedViewController.h; sourceTree = "<group>"; };
		032C76591B041CFE00C78CB0 /* FeedViewController.m */ = {isa = PBXFileReference; fileEncoding = 4; lastKnownFileType = sourcecode.c.objc; name = FeedViewController.m; path = viewcontroller/FeedViewController.m; sourceTree = "<group>"; };
		033B73291B0CB62800355581 /* FeedHeaderHeroView.h */ = {isa = PBXFileReference; fileEncoding = 4; lastKnownFileType = sourcecode.c.h; name = FeedHeaderHeroView.h; path = custom_ui/FeedHeaderHeroView.h; sourceTree = "<group>"; };
		033B732A1B0CB62800355581 /* FeedHeaderHeroView.m */ = {isa = PBXFileReference; fileEncoding = 4; lastKnownFileType = sourcecode.c.objc; name = FeedHeaderHeroView.m; path = custom_ui/FeedHeaderHeroView.m; sourceTree = "<group>"; };
		033B732C1B0CB64000355581 /* FeedHeaderHeroView.xib */ = {isa = PBXFileReference; fileEncoding = 4; lastKnownFileType = file.xib; name = FeedHeaderHeroView.xib; path = custom_ui/FeedHeaderHeroView.xib; sourceTree = "<group>"; };
		033B73301B0D039500355581 /* FeedSliderMenuView.h */ = {isa = PBXFileReference; fileEncoding = 4; lastKnownFileType = sourcecode.c.h; name = FeedSliderMenuView.h; path = custom_ui/FeedSliderMenuView.h; sourceTree = "<group>"; };
		033B73311B0D039500355581 /* FeedSliderMenuView.m */ = {isa = PBXFileReference; fileEncoding = 4; lastKnownFileType = sourcecode.c.objc; name = FeedSliderMenuView.m; path = custom_ui/FeedSliderMenuView.m; sourceTree = "<group>"; };
		0349E3B51B2871F30036F6D1 /* FeedSettingToggleCell.h */ = {isa = PBXFileReference; fileEncoding = 4; lastKnownFileType = sourcecode.c.h; name = FeedSettingToggleCell.h; path = custom_ui/FeedSettingToggleCell.h; sourceTree = "<group>"; };
		0349E3B61B2871F30036F6D1 /* FeedSettingToggleCell.m */ = {isa = PBXFileReference; fileEncoding = 4; lastKnownFileType = sourcecode.c.objc; name = FeedSettingToggleCell.m; path = custom_ui/FeedSettingToggleCell.m; sourceTree = "<group>"; };
		0349E3B71B2871F30036F6D1 /* FeedSettingToggleCell.xib */ = {isa = PBXFileReference; fileEncoding = 4; lastKnownFileType = file.xib; name = FeedSettingToggleCell.xib; path = custom_ui/FeedSettingToggleCell.xib; sourceTree = "<group>"; };
		0353B4771B0E3C1400CE3750 /* Interstate Bold Cond.ttf */ = {isa = PBXFileReference; lastKnownFileType = file; name = "Interstate Bold Cond.ttf"; path = "fonts/Interstate Bold Cond.ttf"; sourceTree = "<group>"; };
		0353B4781B0E3C1400CE3750 /* Interstate Cond Mono - Blk.ttf */ = {isa = PBXFileReference; lastKnownFileType = file; name = "Interstate Cond Mono - Blk.ttf"; path = "fonts/Interstate Cond Mono - Blk.ttf"; sourceTree = "<group>"; };
		0353B4791B0E3C1400CE3750 /* Interstate Cond Mono - Lgt.ttf */ = {isa = PBXFileReference; lastKnownFileType = file; name = "Interstate Cond Mono - Lgt.ttf"; path = "fonts/Interstate Cond Mono - Lgt.ttf"; sourceTree = "<group>"; };
		0353B47A1B0E3C1400CE3750 /* Interstate Cond Mono.ttf */ = {isa = PBXFileReference; lastKnownFileType = file; name = "Interstate Cond Mono.ttf"; path = "fonts/Interstate Cond Mono.ttf"; sourceTree = "<group>"; };
		0353B47B1B0E3C1400CE3750 /* Interstate ExtraLight Cond.ttf */ = {isa = PBXFileReference; lastKnownFileType = file; name = "Interstate ExtraLight Cond.ttf"; path = "fonts/Interstate ExtraLight Cond.ttf"; sourceTree = "<group>"; };
		0353B47C1B0E3C1400CE3750 /* Interstate Light Cond.ttf */ = {isa = PBXFileReference; lastKnownFileType = file; name = "Interstate Light Cond.ttf"; path = "fonts/Interstate Light Cond.ttf"; sourceTree = "<group>"; };
		0353B47D1B0E3C1400CE3750 /* Interstate-BlackCondensed.ttf */ = {isa = PBXFileReference; lastKnownFileType = file; name = "Interstate-BlackCondensed.ttf"; path = "fonts/Interstate-BlackCondensed.ttf"; sourceTree = "<group>"; };
		0353B47E1B0E3C1400CE3750 /* Interstate-HairlineCondensed.ttf */ = {isa = PBXFileReference; lastKnownFileType = file; name = "Interstate-HairlineCondensed.ttf"; path = "fonts/Interstate-HairlineCondensed.ttf"; sourceTree = "<group>"; };
		0353B47F1B0E3C1400CE3750 /* Interstate-LightCond.otf */ = {isa = PBXFileReference; lastKnownFileType = file; name = "Interstate-LightCond.otf"; path = "fonts/Interstate-LightCond.otf"; sourceTree = "<group>"; };
		0353B4801B0E3C1400CE3750 /* Interstate-LightCondensed.otf */ = {isa = PBXFileReference; lastKnownFileType = file; name = "Interstate-LightCondensed.otf"; path = "fonts/Interstate-LightCondensed.otf"; sourceTree = "<group>"; };
		0353B4811B0E3C1400CE3750 /* Interstate-LightCondensed.ttf */ = {isa = PBXFileReference; lastKnownFileType = file; name = "Interstate-LightCondensed.ttf"; path = "fonts/Interstate-LightCondensed.ttf"; sourceTree = "<group>"; };
		0353B4821B0E3C1400CE3750 /* Interstate-RegularCond.otf */ = {isa = PBXFileReference; lastKnownFileType = file; name = "Interstate-RegularCond.otf"; path = "fonts/Interstate-RegularCond.otf"; sourceTree = "<group>"; };
		0353B4831B0E3C1400CE3750 /* Interstate-RegularCondensed.otf */ = {isa = PBXFileReference; lastKnownFileType = file; name = "Interstate-RegularCondensed.otf"; path = "fonts/Interstate-RegularCondensed.otf"; sourceTree = "<group>"; };
		0353B4841B0E3C1400CE3750 /* Interstate-RegularCondensed.ttf */ = {isa = PBXFileReference; lastKnownFileType = file; name = "Interstate-RegularCondensed.ttf"; path = "fonts/Interstate-RegularCondensed.ttf"; sourceTree = "<group>"; };
		0353B4851B0E3C1400CE3750 /* Interstate-ThinCondensed.ttf */ = {isa = PBXFileReference; lastKnownFileType = file; name = "Interstate-ThinCondensed.ttf"; path = "fonts/Interstate-ThinCondensed.ttf"; sourceTree = "<group>"; };
		0353B4861B0E3C1400CE3750 /* InterstateCond.ttf */ = {isa = PBXFileReference; lastKnownFileType = file; name = InterstateCond.ttf; path = fonts/InterstateCond.ttf; sourceTree = "<group>"; };
		0353B4871B0E3C1400CE3750 /* InterstateCondBlack.ttf */ = {isa = PBXFileReference; lastKnownFileType = file; name = InterstateCondBlack.ttf; path = fonts/InterstateCondBlack.ttf; sourceTree = "<group>"; };
		0353B4881B0E3C1400CE3750 /* InterstateLightCondensed.ttf */ = {isa = PBXFileReference; lastKnownFileType = file; name = InterstateLightCondensed.ttf; path = fonts/InterstateLightCondensed.ttf; sourceTree = "<group>"; };
		0353B49E1B0E3D3300CE3750 /* BusyView.xib */ = {isa = PBXFileReference; fileEncoding = 4; lastKnownFileType = file.xib; name = BusyView.xib; path = custom_ui/BusyView.xib; sourceTree = "<group>"; };
		0353B4A01B0E3D5500CE3750 /* BusyView.h */ = {isa = PBXFileReference; fileEncoding = 4; lastKnownFileType = sourcecode.c.h; name = BusyView.h; path = custom_ui/BusyView.h; sourceTree = "<group>"; };
		0353B4A11B0E3D5500CE3750 /* BusyView.m */ = {isa = PBXFileReference; fileEncoding = 4; lastKnownFileType = sourcecode.c.objc; name = BusyView.m; path = custom_ui/BusyView.m; sourceTree = "<group>"; };
		0355982E1B2F198800D42A33 /* LocationRangeSlider.xib */ = {isa = PBXFileReference; fileEncoding = 4; lastKnownFileType = file.xib; name = LocationRangeSlider.xib; path = custom_ui/LocationRangeSlider.xib; sourceTree = "<group>"; };
		036CA1BE1AFBC88F0064AB6C /* locality.app */ = {isa = PBXFileReference; explicitFileType = wrapper.application; includeInIndex = 0; path = locality.app; sourceTree = BUILT_PRODUCTS_DIR; };
		036CA1C21AFBC88F0064AB6C /* Info.plist */ = {isa = PBXFileReference; lastKnownFileType = text.plist.xml; path = Info.plist; sourceTree = "<group>"; };
		036CA1C31AFBC88F0064AB6C /* main.m */ = {isa = PBXFileReference; lastKnownFileType = sourcecode.c.objc; path = main.m; sourceTree = "<group>"; };
		036CA1C51AFBC88F0064AB6C /* AppDelegate.h */ = {isa = PBXFileReference; lastKnownFileType = sourcecode.c.h; path = AppDelegate.h; sourceTree = "<group>"; };
		036CA1C61AFBC88F0064AB6C /* AppDelegate.m */ = {isa = PBXFileReference; lastKnownFileType = sourcecode.c.objc; path = AppDelegate.m; sourceTree = "<group>"; };
		036CA1CC1AFBC88F0064AB6C /* Base */ = {isa = PBXFileReference; lastKnownFileType = file.storyboard; name = Base; path = Base.lproj/Main.storyboard; sourceTree = "<group>"; };
		036CA1CE1AFBC88F0064AB6C /* Images.xcassets */ = {isa = PBXFileReference; lastKnownFileType = folder.assetcatalog; path = Images.xcassets; sourceTree = "<group>"; };
		036CA1D11AFBC88F0064AB6C /* Base */ = {isa = PBXFileReference; lastKnownFileType = file.xib; name = Base; path = Base.lproj/LaunchScreen.xib; sourceTree = "<group>"; };
		036CA1DC1AFBC88F0064AB6C /* Info.plist */ = {isa = PBXFileReference; lastKnownFileType = text.plist.xml; path = Info.plist; sourceTree = "<group>"; };
		036CA1DD1AFBC88F0064AB6C /* localityTests.m */ = {isa = PBXFileReference; lastKnownFileType = sourcecode.c.objc; path = localityTests.m; sourceTree = "<group>"; };
		03C2CF271B307BC500463BDC /* ImageUploadView.h */ = {isa = PBXFileReference; fileEncoding = 4; lastKnownFileType = sourcecode.c.h; name = ImageUploadView.h; path = custom_ui/ImageUploadView.h; sourceTree = "<group>"; };
		03C2CF281B307BC500463BDC /* ImageUploadView.m */ = {isa = PBXFileReference; fileEncoding = 4; lastKnownFileType = sourcecode.c.objc; name = ImageUploadView.m; path = custom_ui/ImageUploadView.m; sourceTree = "<group>"; };
		03C2CF2B1B307BFB00463BDC /* ImageUploadView.xib */ = {isa = PBXFileReference; fileEncoding = 4; lastKnownFileType = file.xib; name = ImageUploadView.xib; path = custom_ui/ImageUploadView.xib; sourceTree = "<group>"; };
		03D595C51B06269B00C48F25 /* AppUtilities.h */ = {isa = PBXFileReference; fileEncoding = 4; lastKnownFileType = sourcecode.c.h; name = AppUtilities.h; path = util/AppUtilities.h; sourceTree = "<group>"; };
		03D595C61B06269B00C48F25 /* AppUtilities.m */ = {isa = PBXFileReference; fileEncoding = 4; lastKnownFileType = sourcecode.c.objc; name = AppUtilities.m; path = util/AppUtilities.m; sourceTree = "<group>"; };
		03F71A581B2076B8006F4088 /* SlideNavigationController.h */ = {isa = PBXFileReference; fileEncoding = 4; lastKnownFileType = sourcecode.c.h; name = SlideNavigationController.h; path = custom_ui/SlideNavigationController/SlideNavigationController.h; sourceTree = "<group>"; };
		03F71A591B2076B8006F4088 /* SlideNavigationController.m */ = {isa = PBXFileReference; fileEncoding = 4; lastKnownFileType = sourcecode.c.objc; name = SlideNavigationController.m; path = custom_ui/SlideNavigationController/SlideNavigationController.m; sourceTree = "<group>"; };
		03F71A5C1B2076D3006F4088 /* SlideNavigationContorllerAnimator.h */ = {isa = PBXFileReference; fileEncoding = 4; lastKnownFileType = sourcecode.c.h; name = SlideNavigationContorllerAnimator.h; path = custom_ui/SlideNavigationController/Animations/SlideNavigationContorllerAnimator.h; sourceTree = "<group>"; };
		03F71A5D1B2076D3006F4088 /* SlideNavigationContorllerAnimatorFade.h */ = {isa = PBXFileReference; fileEncoding = 4; lastKnownFileType = sourcecode.c.h; name = SlideNavigationContorllerAnimatorFade.h; path = custom_ui/SlideNavigationController/Animations/SlideNavigationContorllerAnimatorFade.h; sourceTree = "<group>"; };
		03F71A5E1B2076D3006F4088 /* SlideNavigationContorllerAnimatorFade.m */ = {isa = PBXFileReference; fileEncoding = 4; lastKnownFileType = sourcecode.c.objc; name = SlideNavigationContorllerAnimatorFade.m; path = custom_ui/SlideNavigationController/Animations/SlideNavigationContorllerAnimatorFade.m; sourceTree = "<group>"; };
		03F71A5F1B2076D3006F4088 /* SlideNavigationContorllerAnimatorScale.h */ = {isa = PBXFileReference; fileEncoding = 4; lastKnownFileType = sourcecode.c.h; name = SlideNavigationContorllerAnimatorScale.h; path = custom_ui/SlideNavigationController/Animations/SlideNavigationContorllerAnimatorScale.h; sourceTree = "<group>"; };
		03F71A601B2076D3006F4088 /* SlideNavigationContorllerAnimatorScale.m */ = {isa = PBXFileReference; fileEncoding = 4; lastKnownFileType = sourcecode.c.objc; name = SlideNavigationContorllerAnimatorScale.m; path = custom_ui/SlideNavigationController/Animations/SlideNavigationContorllerAnimatorScale.m; sourceTree = "<group>"; };
		03F71A611B2076D3006F4088 /* SlideNavigationContorllerAnimatorScaleAndFade.h */ = {isa = PBXFileReference; fileEncoding = 4; lastKnownFileType = sourcecode.c.h; name = SlideNavigationContorllerAnimatorScaleAndFade.h; path = custom_ui/SlideNavigationController/Animations/SlideNavigationContorllerAnimatorScaleAndFade.h; sourceTree = "<group>"; };
		03F71A621B2076D3006F4088 /* SlideNavigationContorllerAnimatorScaleAndFade.m */ = {isa = PBXFileReference; fileEncoding = 4; lastKnownFileType = sourcecode.c.objc; name = SlideNavigationContorllerAnimatorScaleAndFade.m; path = custom_ui/SlideNavigationController/Animations/SlideNavigationContorllerAnimatorScaleAndFade.m; sourceTree = "<group>"; };
		03F71A631B2076D3006F4088 /* SlideNavigationContorllerAnimatorSlide.h */ = {isa = PBXFileReference; fileEncoding = 4; lastKnownFileType = sourcecode.c.h; name = SlideNavigationContorllerAnimatorSlide.h; path = custom_ui/SlideNavigationController/Animations/SlideNavigationContorllerAnimatorSlide.h; sourceTree = "<group>"; };
		03F71A641B2076D3006F4088 /* SlideNavigationContorllerAnimatorSlide.m */ = {isa = PBXFileReference; fileEncoding = 4; lastKnownFileType = sourcecode.c.objc; name = SlideNavigationContorllerAnimatorSlide.m; path = custom_ui/SlideNavigationController/Animations/SlideNavigationContorllerAnimatorSlide.m; sourceTree = "<group>"; };
		03F71A651B2076D3006F4088 /* SlideNavigationContorllerAnimatorSlideAndFade.h */ = {isa = PBXFileReference; fileEncoding = 4; lastKnownFileType = sourcecode.c.h; name = SlideNavigationContorllerAnimatorSlideAndFade.h; path = custom_ui/SlideNavigationController/Animations/SlideNavigationContorllerAnimatorSlideAndFade.h; sourceTree = "<group>"; };
		03F71A661B2076D3006F4088 /* SlideNavigationContorllerAnimatorSlideAndFade.m */ = {isa = PBXFileReference; fileEncoding = 4; lastKnownFileType = sourcecode.c.objc; name = SlideNavigationContorllerAnimatorSlideAndFade.m; path = custom_ui/SlideNavigationController/Animations/SlideNavigationContorllerAnimatorSlideAndFade.m; sourceTree = "<group>"; };
		03F71A6F1B20BAC4006F4088 /* FeedMenuTableViewController.h */ = {isa = PBXFileReference; fileEncoding = 4; lastKnownFileType = sourcecode.c.h; name = FeedMenuTableViewController.h; path = viewcontroller/FeedMenuTableViewController.h; sourceTree = "<group>"; };
		03F71A701B20BAC4006F4088 /* FeedMenuTableViewController.m */ = {isa = PBXFileReference; fileEncoding = 4; lastKnownFileType = sourcecode.c.objc; name = FeedMenuTableViewController.m; path = viewcontroller/FeedMenuTableViewController.m; sourceTree = "<group>"; };
		03F71A731B20C0B0006F4088 /* FeedMenuTableViewCell.h */ = {isa = PBXFileReference; fileEncoding = 4; lastKnownFileType = sourcecode.c.h; name = FeedMenuTableViewCell.h; path = custom_ui/FeedMenuTableViewCell.h; sourceTree = "<group>"; };
		03F71A741B20C0B0006F4088 /* FeedMenuTableViewCell.m */ = {isa = PBXFileReference; fileEncoding = 4; lastKnownFileType = sourcecode.c.objc; name = FeedMenuTableViewCell.m; path = custom_ui/FeedMenuTableViewCell.m; sourceTree = "<group>"; };
		03F71A761B20C425006F4088 /* FeedAddNewTableViewCell.h */ = {isa = PBXFileReference; fileEncoding = 4; lastKnownFileType = sourcecode.c.h; name = FeedAddNewTableViewCell.h; path = custom_ui/FeedAddNewTableViewCell.h; sourceTree = "<group>"; };
		03F71A771B20C425006F4088 /* FeedAddNewTableViewCell.m */ = {isa = PBXFileReference; fileEncoding = 4; lastKnownFileType = sourcecode.c.objc; name = FeedAddNewTableViewCell.m; path = custom_ui/FeedAddNewTableViewCell.m; sourceTree = "<group>"; };
		03F71A781B20C425006F4088 /* FeedAddNewTableViewCell.xib */ = {isa = PBXFileReference; fileEncoding = 4; lastKnownFileType = file.xib; name = FeedAddNewTableViewCell.xib; path = custom_ui/FeedAddNewTableViewCell.xib; sourceTree = "<group>"; };
		03FA85BF1B2A25D600F68102 /* CameraOverlayView.h */ = {isa = PBXFileReference; fileEncoding = 4; lastKnownFileType = sourcecode.c.h; name = CameraOverlayView.h; path = custom_ui/CameraOverlayView.h; sourceTree = "<group>"; };
		03FA85C01B2A25D600F68102 /* CameraOverlayView.m */ = {isa = PBXFileReference; fileEncoding = 4; lastKnownFileType = sourcecode.c.objc; name = CameraOverlayView.m; path = custom_ui/CameraOverlayView.m; sourceTree = "<group>"; };
		03FA85C11B2A25D600F68102 /* CameraOverlayView.xib */ = {isa = PBXFileReference; fileEncoding = 4; lastKnownFileType = file.xib; name = CameraOverlayView.xib; path = custom_ui/CameraOverlayView.xib; sourceTree = "<group>"; };
		03FCEE851B2B0C36006D3FF3 /* LocalityBaseViewController.h */ = {isa = PBXFileReference; fileEncoding = 4; lastKnownFileType = sourcecode.c.h; name = LocalityBaseViewController.h; path = viewcontroller/LocalityBaseViewController.h; sourceTree = "<group>"; };
		03FCEE861B2B0C36006D3FF3 /* LocalityBaseViewController.m */ = {isa = PBXFileReference; fileEncoding = 4; lastKnownFileType = sourcecode.c.objc; name = LocalityBaseViewController.m; path = viewcontroller/LocalityBaseViewController.m; sourceTree = "<group>"; };
		03FCEE8C1B2B1093006D3FF3 /* UIColor+LocalityColor.h */ = {isa = PBXFileReference; fileEncoding = 4; lastKnownFileType = sourcecode.c.h; name = "UIColor+LocalityColor.h"; path = "custom_ui/UIColor+LocalityColor.h"; sourceTree = "<group>"; };
		03FCEE8D1B2B1093006D3FF3 /* UIColor+LocalityColor.m */ = {isa = PBXFileReference; fileEncoding = 4; lastKnownFileType = sourcecode.c.objc; name = "UIColor+LocalityColor.m"; path = "custom_ui/UIColor+LocalityColor.m"; sourceTree = "<group>"; };
		03FCEE8F1B2B18D2006D3FF3 /* LocalityHeaderView.h */ = {isa = PBXFileReference; fileEncoding = 4; lastKnownFileType = sourcecode.c.h; name = LocalityHeaderView.h; path = custom_ui/LocalityHeaderView.h; sourceTree = "<group>"; };
		03FCEE901B2B18D2006D3FF3 /* LocalityHeaderView.m */ = {isa = PBXFileReference; fileEncoding = 4; lastKnownFileType = sourcecode.c.objc; name = LocalityHeaderView.m; path = custom_ui/LocalityHeaderView.m; sourceTree = "<group>"; };
		03FCEE941B2B2AFB006D3FF3 /* HeaderIconButton.h */ = {isa = PBXFileReference; fileEncoding = 4; lastKnownFileType = sourcecode.c.h; path = HeaderIconButton.h; sourceTree = "<group>"; };
		03FCEE951B2B2AFB006D3FF3 /* HeaderIconButton.m */ = {isa = PBXFileReference; fileEncoding = 4; lastKnownFileType = sourcecode.c.objc; path = HeaderIconButton.m; sourceTree = "<group>"; };
		03FCEE971B2B3B03006D3FF3 /* HeaderIconModel.h */ = {isa = PBXFileReference; fileEncoding = 4; lastKnownFileType = sourcecode.c.h; name = HeaderIconModel.h; path = model/HeaderIconModel.h; sourceTree = "<group>"; };
		03FCEE981B2B3B03006D3FF3 /* HeaderIconModel.m */ = {isa = PBXFileReference; fileEncoding = 4; lastKnownFileType = sourcecode.c.objc; name = HeaderIconModel.m; path = model/HeaderIconModel.m; sourceTree = "<group>"; };
		03FCEE9B1B2B4699006D3FF3 /* MapBoxManager.h */ = {isa = PBXFileReference; fileEncoding = 4; lastKnownFileType = sourcecode.c.h; name = MapBoxManager.h; path = manager/MapBoxManager.h; sourceTree = "<group>"; };
		03FCEE9C1B2B4699006D3FF3 /* MapBoxManager.m */ = {isa = PBXFileReference; fileEncoding = 4; lastKnownFileType = sourcecode.c.objc; name = MapBoxManager.m; path = manager/MapBoxManager.m; sourceTree = "<group>"; };
		4E777E611B0F6A3100EEAEFC /* FeedSettingsViewController.h */ = {isa = PBXFileReference; fileEncoding = 4; lastKnownFileType = sourcecode.c.h; name = FeedSettingsViewController.h; path = viewcontroller/FeedSettingsViewController.h; sourceTree = "<group>"; };
		4E777E621B0F6A3100EEAEFC /* FeedSettingsViewController.m */ = {isa = PBXFileReference; fileEncoding = 4; lastKnownFileType = sourcecode.c.objc; name = FeedSettingsViewController.m; path = viewcontroller/FeedSettingsViewController.m; sourceTree = "<group>"; };
		4E777E651B0F6A6D00EEAEFC /* PostDetailViewController.h */ = {isa = PBXFileReference; fileEncoding = 4; lastKnownFileType = sourcecode.c.h; name = PostDetailViewController.h; path = viewcontroller/PostDetailViewController.h; sourceTree = "<group>"; };
		4E777E661B0F6A6D00EEAEFC /* PostDetailViewController.m */ = {isa = PBXFileReference; fileEncoding = 4; lastKnownFileType = sourcecode.c.objc; name = PostDetailViewController.m; path = viewcontroller/PostDetailViewController.m; sourceTree = "<group>"; };
		4E9D5ADF1B133C5A00302886 /* PostCreateViewController.h */ = {isa = PBXFileReference; fileEncoding = 4; lastKnownFileType = sourcecode.c.h; name = PostCreateViewController.h; path = viewcontroller/PostCreateViewController.h; sourceTree = "<group>"; };
		4E9D5AE01B133C5A00302886 /* PostCreateViewController.m */ = {isa = PBXFileReference; fileEncoding = 4; lastKnownFileType = sourcecode.c.objc; name = PostCreateViewController.m; path = viewcontroller/PostCreateViewController.m; sourceTree = "<group>"; };
		4E9D5AEB1B15FA0200302886 /* PostModel.h */ = {isa = PBXFileReference; fileEncoding = 4; lastKnownFileType = sourcecode.c.h; name = PostModel.h; path = model/PostModel.h; sourceTree = "<group>"; };
		4E9D5AEC1B15FA0200302886 /* PostModel.m */ = {isa = PBXFileReference; fileEncoding = 4; lastKnownFileType = sourcecode.c.objc; name = PostModel.m; path = model/PostModel.m; sourceTree = "<group>"; };
		7D973429C6A2108EE94A211B /* libPods-locality.a */ = {isa = PBXFileReference; explicitFileType = archive.ar; includeInIndex = 0; path = "libPods-locality.a"; sourceTree = BUILT_PRODUCTS_DIR; };
		C06C2D1706F010AEAB1BEA7D /* Pods-locality.debug.xcconfig */ = {isa = PBXFileReference; includeInIndex = 1; lastKnownFileType = text.xcconfig; name = "Pods-locality.debug.xcconfig"; path = "Pods/Target Support Files/Pods-locality/Pods-locality.debug.xcconfig"; sourceTree = "<group>"; };
		DAF769E18A2F3E553FEBB732 /* Pods-locality.release.xcconfig */ = {isa = PBXFileReference; includeInIndex = 1; lastKnownFileType = text.xcconfig; name = "Pods-locality.release.xcconfig"; path = "Pods/Target Support Files/Pods-locality/Pods-locality.release.xcconfig"; sourceTree = "<group>"; };
/* End PBXFileReference section */

/* Begin PBXFrameworksBuildPhase section */
		036CA1BB1AFBC88F0064AB6C /* Frameworks */ = {
			isa = PBXFrameworksBuildPhase;
			buildActionMask = 2147483647;
			files = (
				4823EA5EEC9A9D8CFC3335D3 /* libPods-locality.a in Frameworks */,
			);
			runOnlyForDeploymentPostprocessing = 0;
		};
/* End PBXFrameworksBuildPhase section */

/* Begin PBXGroup section */
		030C41331B054158004F1ECE /* custom_ui */ = {
			isa = PBXGroup;
			children = (
				03FCEE931B2B2ACE006D3FF3 /* buttons */,
				03FCEE8B1B2B0FA4006D3FF3 /* _categories */,
				03FCEE921B2B18D7006D3FF3 /* HeaderView */,
				03F71A571B2076A8006F4088 /* SlideNavigationController */,
				03F71A721B20C089006F4088 /* tableviewcells */,
				03C2CF2A1B307BCF00463BDC /* ImageUploadView */,
				03C2CF2D1B308C5E00463BDC /* LocationRangeSlider */,
				033B73291B0CB62800355581 /* FeedHeaderHeroView.h */,
				033B732A1B0CB62800355581 /* FeedHeaderHeroView.m */,
				033B732C1B0CB64000355581 /* FeedHeaderHeroView.xib */,
				033B73301B0D039500355581 /* FeedSliderMenuView.h */,
				033B73311B0D039500355581 /* FeedSliderMenuView.m */,
				0353B49E1B0E3D3300CE3750 /* BusyView.xib */,
				0353B4A01B0E3D5500CE3750 /* BusyView.h */,
				0353B4A11B0E3D5500CE3750 /* BusyView.m */,
				03FA85BF1B2A25D600F68102 /* CameraOverlayView.h */,
				03FA85C01B2A25D600F68102 /* CameraOverlayView.m */,
				03FA85C11B2A25D600F68102 /* CameraOverlayView.xib */,
			);
			name = custom_ui;
			sourceTree = "<group>";
		};
		032C76321B03EF8100C78CB0 /* model */ = {
			isa = PBXGroup;
			children = (
				032C762F1B03C9A100C78CB0 /* FeedLocationModel.h */,
				032C76301B03C9A100C78CB0 /* FeedLocationModel.m */,
				032C76551B0407D000C78CB0 /* UserModel.h */,
				032C76561B0407D000C78CB0 /* UserModel.m */,
				4E9D5AEB1B15FA0200302886 /* PostModel.h */,
				4E9D5AEC1B15FA0200302886 /* PostModel.m */,
				03FCEE9A1B2B3B08006D3FF3 /* _utility */,
			);
			name = model;
			sourceTree = "<group>";
		};
		032C76361B03EFA900C78CB0 /* util */ = {
			isa = PBXGroup;
			children = (
				03D595C51B06269B00C48F25 /* AppUtilities.h */,
				03D595C61B06269B00C48F25 /* AppUtilities.m */,
			);
			name = util;
			sourceTree = "<group>";
		};
		032C76371B03EFB700C78CB0 /* viewcontroller */ = {
			isa = PBXGroup;
			children = (
				032C765B1B041D0800C78CB0 /* feed */,
				4E777E641B0F6A5100EEAEFC /* post */,
				032C76541B03FD4A00C78CB0 /* login-signup */,
				03FCEE851B2B0C36006D3FF3 /* LocalityBaseViewController.h */,
				03FCEE861B2B0C36006D3FF3 /* LocalityBaseViewController.m */,
			);
			name = viewcontroller;
			sourceTree = "<group>";
		};
		032C76381B03EFCD00C78CB0 /* manager */ = {
			isa = PBXGroup;
			children = (
				032C76421B03F06D00C78CB0 /* FacebookManager.h */,
				032C76431B03F06D00C78CB0 /* FacebookManager.m */,
				030C41271B04F334004F1ECE /* FlickrManager.h */,
				030C41281B04F334004F1ECE /* FlickrManager.m */,
				030C41301B051EC1004F1ECE /* GoogleMapsManager.h */,
				030C41311B051EC1004F1ECE /* GoogleMapsManager.m */,
				03FCEE9B1B2B4699006D3FF3 /* MapBoxManager.h */,
				03FCEE9C1B2B4699006D3FF3 /* MapBoxManager.m */,
				032C76441B03F06D00C78CB0 /* ParseManager.h */,
				032C76451B03F06D00C78CB0 /* ParseManager.m */,
				031BC92D1B1F87ED007DFCFB /* DataManager.h */,
				031BC92E1B1F87ED007DFCFB /* DataManager.m */,
			);
			name = manager;
			sourceTree = "<group>";
		};
		032C76541B03FD4A00C78CB0 /* login-signup */ = {
			isa = PBXGroup;
			children = (
				032C76481B03F0A400C78CB0 /* LoginViewController.h */,
				032C76491B03F0A400C78CB0 /* LoginViewController.m */,
				032C764B1B03F0DE00C78CB0 /* SignUpViewController.h */,
				032C764C1B03F0DE00C78CB0 /* SignUpViewController.m */,
				032C764E1B03F8FC00C78CB0 /* SignUpEmailFormViewController.h */,
				032C764F1B03F8FC00C78CB0 /* SignUpEmailFormViewController.m */,
				032C76511B03FC1100C78CB0 /* SignUpEmailSentViewController.h */,
				032C76521B03FC1100C78CB0 /* SignUpEmailSentViewController.m */,
			);
			name = "login-signup";
			sourceTree = "<group>";
		};
		032C765B1B041D0800C78CB0 /* feed */ = {
			isa = PBXGroup;
			children = (
				030C412A1B050B22004F1ECE /* CurrentFeedInitializeViewController.h */,
				030C412B1B050B22004F1ECE /* CurrentFeedInitializeViewController.m */,
				032C76581B041CFE00C78CB0 /* FeedViewController.h */,
				032C76591B041CFE00C78CB0 /* FeedViewController.m */,
				03F71A6F1B20BAC4006F4088 /* FeedMenuTableViewController.h */,
				03F71A701B20BAC4006F4088 /* FeedMenuTableViewController.m */,
				4E777E611B0F6A3100EEAEFC /* FeedSettingsViewController.h */,
				4E777E621B0F6A3100EEAEFC /* FeedSettingsViewController.m */,
			);
			name = feed;
			sourceTree = "<group>";
		};
		033B73331B0D218400355581 /* fonts */ = {
			isa = PBXGroup;
			children = (
				0353B4771B0E3C1400CE3750 /* Interstate Bold Cond.ttf */,
				0353B4781B0E3C1400CE3750 /* Interstate Cond Mono - Blk.ttf */,
				0353B4791B0E3C1400CE3750 /* Interstate Cond Mono - Lgt.ttf */,
				0353B47A1B0E3C1400CE3750 /* Interstate Cond Mono.ttf */,
				0353B47B1B0E3C1400CE3750 /* Interstate ExtraLight Cond.ttf */,
				0353B47C1B0E3C1400CE3750 /* Interstate Light Cond.ttf */,
				0353B47D1B0E3C1400CE3750 /* Interstate-BlackCondensed.ttf */,
				0353B47E1B0E3C1400CE3750 /* Interstate-HairlineCondensed.ttf */,
				0353B47F1B0E3C1400CE3750 /* Interstate-LightCond.otf */,
				0353B4801B0E3C1400CE3750 /* Interstate-LightCondensed.otf */,
				0353B4811B0E3C1400CE3750 /* Interstate-LightCondensed.ttf */,
				0353B4821B0E3C1400CE3750 /* Interstate-RegularCond.otf */,
				0353B4831B0E3C1400CE3750 /* Interstate-RegularCondensed.otf */,
				0353B4841B0E3C1400CE3750 /* Interstate-RegularCondensed.ttf */,
				0353B4851B0E3C1400CE3750 /* Interstate-ThinCondensed.ttf */,
				0353B4861B0E3C1400CE3750 /* InterstateCond.ttf */,
				0353B4871B0E3C1400CE3750 /* InterstateCondBlack.ttf */,
				0353B4881B0E3C1400CE3750 /* InterstateLightCondensed.ttf */,
			);
			name = fonts;
			sourceTree = "<group>";
		};
		036CA1B51AFBC88E0064AB6C = {
			isa = PBXGroup;
			children = (
				036CA1C01AFBC88F0064AB6C /* locality */,
				036CA1DA1AFBC88F0064AB6C /* localityTests */,
				036CA1BF1AFBC88F0064AB6C /* Products */,
				2EB97B287A6B34791CB09DB4 /* Pods */,
				C3D004E5419D0C5AD6C191B9 /* Frameworks */,
			);
			sourceTree = "<group>";
		};
		036CA1BF1AFBC88F0064AB6C /* Products */ = {
			isa = PBXGroup;
			children = (
				036CA1BE1AFBC88F0064AB6C /* locality.app */,
			);
			name = Products;
			sourceTree = "<group>";
		};
		036CA1C01AFBC88F0064AB6C /* locality */ = {
			isa = PBXGroup;
			children = (
				036CA1C51AFBC88F0064AB6C /* AppDelegate.h */,
				036CA1C61AFBC88F0064AB6C /* AppDelegate.m */,
				032C76331B03EFA100C78CB0 /* config.h */,
				036CA1CB1AFBC88F0064AB6C /* Main.storyboard */,
				036CA1CE1AFBC88F0064AB6C /* Images.xcassets */,
				036CA1D01AFBC88F0064AB6C /* LaunchScreen.xib */,
				030C41331B054158004F1ECE /* custom_ui */,
				032C76381B03EFCD00C78CB0 /* manager */,
				032C76321B03EF8100C78CB0 /* model */,
				032C76361B03EFA900C78CB0 /* util */,
				032C76371B03EFB700C78CB0 /* viewcontroller */,
				036CA1C11AFBC88F0064AB6C /* Supporting Files */,
			);
			path = locality;
			sourceTree = "<group>";
		};
		036CA1C11AFBC88F0064AB6C /* Supporting Files */ = {
			isa = PBXGroup;
			children = (
				033B73331B0D218400355581 /* fonts */,
				036CA1C21AFBC88F0064AB6C /* Info.plist */,
				036CA1C31AFBC88F0064AB6C /* main.m */,
			);
			name = "Supporting Files";
			sourceTree = "<group>";
		};
		036CA1DA1AFBC88F0064AB6C /* localityTests */ = {
			isa = PBXGroup;
			children = (
				036CA1DD1AFBC88F0064AB6C /* localityTests.m */,
				036CA1DB1AFBC88F0064AB6C /* Supporting Files */,
			);
			path = localityTests;
			sourceTree = "<group>";
		};
		036CA1DB1AFBC88F0064AB6C /* Supporting Files */ = {
			isa = PBXGroup;
			children = (
				036CA1DC1AFBC88F0064AB6C /* Info.plist */,
			);
			name = "Supporting Files";
			sourceTree = "<group>";
		};
		03C2CF2A1B307BCF00463BDC /* ImageUploadView */ = {
			isa = PBXGroup;
			children = (
				03C2CF271B307BC500463BDC /* ImageUploadView.h */,
				03C2CF281B307BC500463BDC /* ImageUploadView.m */,
				03C2CF2B1B307BFB00463BDC /* ImageUploadView.xib */,
			);
			name = ImageUploadView;
			sourceTree = "<group>";
		};
		03C2CF2D1B308C5E00463BDC /* LocationRangeSlider */ = {
			isa = PBXGroup;
			children = (
				030C41371B0541A5004F1ECE /* LocationRangeSlider.h */,
				030C41381B0541A5004F1ECE /* LocationRangeSlider.m */,
				0355982E1B2F198800D42A33 /* LocationRangeSlider.xib */,
			);
			name = LocationRangeSlider;
			sourceTree = "<group>";
		};
		03F71A571B2076A8006F4088 /* SlideNavigationController */ = {
			isa = PBXGroup;
			children = (
				03F71A581B2076B8006F4088 /* SlideNavigationController.h */,
				03F71A591B2076B8006F4088 /* SlideNavigationController.m */,
				03F71A5B1B2076C2006F4088 /* Animations */,
			);
			name = SlideNavigationController;
			sourceTree = "<group>";
		};
		03F71A5B1B2076C2006F4088 /* Animations */ = {
			isa = PBXGroup;
			children = (
				03F71A5C1B2076D3006F4088 /* SlideNavigationContorllerAnimator.h */,
				03F71A5D1B2076D3006F4088 /* SlideNavigationContorllerAnimatorFade.h */,
				03F71A5E1B2076D3006F4088 /* SlideNavigationContorllerAnimatorFade.m */,
				03F71A5F1B2076D3006F4088 /* SlideNavigationContorllerAnimatorScale.h */,
				03F71A601B2076D3006F4088 /* SlideNavigationContorllerAnimatorScale.m */,
				03F71A611B2076D3006F4088 /* SlideNavigationContorllerAnimatorScaleAndFade.h */,
				03F71A621B2076D3006F4088 /* SlideNavigationContorllerAnimatorScaleAndFade.m */,
				03F71A631B2076D3006F4088 /* SlideNavigationContorllerAnimatorSlide.h */,
				03F71A641B2076D3006F4088 /* SlideNavigationContorllerAnimatorSlide.m */,
				03F71A651B2076D3006F4088 /* SlideNavigationContorllerAnimatorSlideAndFade.h */,
				03F71A661B2076D3006F4088 /* SlideNavigationContorllerAnimatorSlideAndFade.m */,
			);
			name = Animations;
			sourceTree = "<group>";
		};
		03F71A721B20C089006F4088 /* tableviewcells */ = {
			isa = PBXGroup;
			children = (
				03F71A731B20C0B0006F4088 /* FeedMenuTableViewCell.h */,
				03F71A741B20C0B0006F4088 /* FeedMenuTableViewCell.m */,
				03F71A761B20C425006F4088 /* FeedAddNewTableViewCell.h */,
				03F71A771B20C425006F4088 /* FeedAddNewTableViewCell.m */,
				03F71A781B20C425006F4088 /* FeedAddNewTableViewCell.xib */,
				0349E3B51B2871F30036F6D1 /* FeedSettingToggleCell.h */,
				0349E3B61B2871F30036F6D1 /* FeedSettingToggleCell.m */,
				0349E3B71B2871F30036F6D1 /* FeedSettingToggleCell.xib */,
			);
			name = tableviewcells;
			sourceTree = "<group>";
		};
		03FCEE8B1B2B0FA4006D3FF3 /* _categories */ = {
			isa = PBXGroup;
			children = (
				03FCEE8C1B2B1093006D3FF3 /* UIColor+LocalityColor.h */,
				03FCEE8D1B2B1093006D3FF3 /* UIColor+LocalityColor.m */,
			);
			name = _categories;
			sourceTree = "<group>";
		};
		03FCEE921B2B18D7006D3FF3 /* HeaderView */ = {
			isa = PBXGroup;
			children = (
				03FCEE8F1B2B18D2006D3FF3 /* LocalityHeaderView.h */,
				03FCEE901B2B18D2006D3FF3 /* LocalityHeaderView.m */,
			);
			name = HeaderView;
			sourceTree = "<group>";
		};
		03FCEE931B2B2ACE006D3FF3 /* buttons */ = {
			isa = PBXGroup;
			children = (
				03FCEE941B2B2AFB006D3FF3 /* HeaderIconButton.h */,
				03FCEE951B2B2AFB006D3FF3 /* HeaderIconButton.m */,
			);
			name = buttons;
			sourceTree = "<group>";
		};
		03FCEE9A1B2B3B08006D3FF3 /* _utility */ = {
			isa = PBXGroup;
			children = (
				03FCEE971B2B3B03006D3FF3 /* HeaderIconModel.h */,
				03FCEE981B2B3B03006D3FF3 /* HeaderIconModel.m */,
			);
			name = _utility;
			sourceTree = "<group>";
		};
		2EB97B287A6B34791CB09DB4 /* Pods */ = {
			isa = PBXGroup;
			children = (
				C06C2D1706F010AEAB1BEA7D /* Pods-locality.debug.xcconfig */,
				DAF769E18A2F3E553FEBB732 /* Pods-locality.release.xcconfig */,
			);
			name = Pods;
			sourceTree = "<group>";
		};
		4E777E641B0F6A5100EEAEFC /* post */ = {
			isa = PBXGroup;
			children = (
				4E777E651B0F6A6D00EEAEFC /* PostDetailViewController.h */,
				4E777E661B0F6A6D00EEAEFC /* PostDetailViewController.m */,
				4E9D5ADF1B133C5A00302886 /* PostCreateViewController.h */,
				4E9D5AE01B133C5A00302886 /* PostCreateViewController.m */,
			);
			name = post;
			sourceTree = "<group>";
		};
		C3D004E5419D0C5AD6C191B9 /* Frameworks */ = {
			isa = PBXGroup;
			children = (
				7D973429C6A2108EE94A211B /* libPods-locality.a */,
			);
			name = Frameworks;
			sourceTree = "<group>";
		};
/* End PBXGroup section */

/* Begin PBXNativeTarget section */
		036CA1BD1AFBC88F0064AB6C /* locality */ = {
			isa = PBXNativeTarget;
			buildConfigurationList = 036CA1E11AFBC88F0064AB6C /* Build configuration list for PBXNativeTarget "locality" */;
			buildPhases = (
				B9F033E9CE9C24631DDBF49D /* Check Pods Manifest.lock */,
				036CA1BA1AFBC88F0064AB6C /* Sources */,
				036CA1BB1AFBC88F0064AB6C /* Frameworks */,
				036CA1BC1AFBC88F0064AB6C /* Resources */,
				365D6E72544F82EE9BEF8E3C /* Copy Pods Resources */,
			);
			buildRules = (
			);
			dependencies = (
			);
			name = locality;
			productName = locality;
			productReference = 036CA1BE1AFBC88F0064AB6C /* locality.app */;
			productType = "com.apple.product-type.application";
		};
/* End PBXNativeTarget section */

/* Begin PBXProject section */
		036CA1B61AFBC88E0064AB6C /* Project object */ = {
			isa = PBXProject;
			attributes = {
				LastUpgradeCheck = 0630;
				ORGANIZATIONNAME = briancmaci;
				TargetAttributes = {
					036CA1BD1AFBC88F0064AB6C = {
						CreatedOnToolsVersion = 6.3.1;
						DevelopmentTeam = MF94FJYR24;
					};
				};
			};
			buildConfigurationList = 036CA1B91AFBC88E0064AB6C /* Build configuration list for PBXProject "locality" */;
			compatibilityVersion = "Xcode 3.2";
			developmentRegion = English;
			hasScannedForEncodings = 0;
			knownRegions = (
				en,
				Base,
			);
			mainGroup = 036CA1B51AFBC88E0064AB6C;
			productRefGroup = 036CA1BF1AFBC88F0064AB6C /* Products */;
			projectDirPath = "";
			projectRoot = "";
			targets = (
				036CA1BD1AFBC88F0064AB6C /* locality */,
			);
		};
/* End PBXProject section */

/* Begin PBXResourcesBuildPhase section */
		036CA1BC1AFBC88F0064AB6C /* Resources */ = {
			isa = PBXResourcesBuildPhase;
			buildActionMask = 2147483647;
			files = (
				0353B4991B0E3C1400CE3750 /* InterstateCondBlack.ttf in Resources */,
				036CA1CD1AFBC88F0064AB6C /* Main.storyboard in Resources */,
				0353B4981B0E3C1400CE3750 /* InterstateCond.ttf in Resources */,
				0353B4921B0E3C1400CE3750 /* Interstate-LightCondensed.otf in Resources */,
				03FA85C31B2A25D600F68102 /* CameraOverlayView.xib in Resources */,
				0353B4891B0E3C1400CE3750 /* Interstate Bold Cond.ttf in Resources */,
				0353B48E1B0E3C1400CE3750 /* Interstate Light Cond.ttf in Resources */,
				03F71A7A1B20C425006F4088 /* FeedAddNewTableViewCell.xib in Resources */,
				0353B4931B0E3C1400CE3750 /* Interstate-LightCondensed.ttf in Resources */,
				0353B49F1B0E3D3300CE3750 /* BusyView.xib in Resources */,
				0353B4951B0E3C1400CE3750 /* Interstate-RegularCondensed.otf in Resources */,
				0353B4961B0E3C1400CE3750 /* Interstate-RegularCondensed.ttf in Resources */,
				0353B48A1B0E3C1400CE3750 /* Interstate Cond Mono - Blk.ttf in Resources */,
				0353B48F1B0E3C1400CE3750 /* Interstate-BlackCondensed.ttf in Resources */,
				0353B4941B0E3C1400CE3750 /* Interstate-RegularCond.otf in Resources */,
				03C2CF2C1B307BFB00463BDC /* ImageUploadView.xib in Resources */,
				0349E3B91B2871F30036F6D1 /* FeedSettingToggleCell.xib in Resources */,
				0353B48D1B0E3C1400CE3750 /* Interstate ExtraLight Cond.ttf in Resources */,
				0353B4911B0E3C1400CE3750 /* Interstate-LightCond.otf in Resources */,
				0355982F1B2F198800D42A33 /* LocationRangeSlider.xib in Resources */,
				033B732D1B0CB64000355581 /* FeedHeaderHeroView.xib in Resources */,
				0353B48C1B0E3C1400CE3750 /* Interstate Cond Mono.ttf in Resources */,
				0353B49A1B0E3C1400CE3750 /* InterstateLightCondensed.ttf in Resources */,
				036CA1D21AFBC88F0064AB6C /* LaunchScreen.xib in Resources */,
				0353B4971B0E3C1400CE3750 /* Interstate-ThinCondensed.ttf in Resources */,
				036CA1CF1AFBC88F0064AB6C /* Images.xcassets in Resources */,
				0353B4901B0E3C1400CE3750 /* Interstate-HairlineCondensed.ttf in Resources */,
				0353B48B1B0E3C1400CE3750 /* Interstate Cond Mono - Lgt.ttf in Resources */,
			);
			runOnlyForDeploymentPostprocessing = 0;
		};
/* End PBXResourcesBuildPhase section */

/* Begin PBXShellScriptBuildPhase section */
		365D6E72544F82EE9BEF8E3C /* Copy Pods Resources */ = {
			isa = PBXShellScriptBuildPhase;
			buildActionMask = 2147483647;
			files = (
			);
			inputPaths = (
			);
			name = "Copy Pods Resources";
			outputPaths = (
			);
			runOnlyForDeploymentPostprocessing = 0;
			shellPath = /bin/sh;
			shellScript = "\"${SRCROOT}/Pods/Target Support Files/Pods-locality/Pods-locality-resources.sh\"\n";
			showEnvVarsInLog = 0;
		};
		B9F033E9CE9C24631DDBF49D /* Check Pods Manifest.lock */ = {
			isa = PBXShellScriptBuildPhase;
			buildActionMask = 2147483647;
			files = (
			);
			inputPaths = (
			);
			name = "Check Pods Manifest.lock";
			outputPaths = (
			);
			runOnlyForDeploymentPostprocessing = 0;
			shellPath = /bin/sh;
			shellScript = "diff \"${PODS_ROOT}/../Podfile.lock\" \"${PODS_ROOT}/Manifest.lock\" > /dev/null\nif [[ $? != 0 ]] ; then\n    cat << EOM\nerror: The sandbox is not in sync with the Podfile.lock. Run 'pod install' or update your CocoaPods installation.\nEOM\n    exit 1\nfi\n";
			showEnvVarsInLog = 0;
		};
/* End PBXShellScriptBuildPhase section */

/* Begin PBXSourcesBuildPhase section */
		036CA1BA1AFBC88F0064AB6C /* Sources */ = {
			isa = PBXSourcesBuildPhase;
			buildActionMask = 2147483647;
			files = (
				03F71A671B2076D3006F4088 /* SlideNavigationContorllerAnimatorFade.m in Sources */,
				03D595C71B06269B00C48F25 /* AppUtilities.m in Sources */,
				030C412C1B050B22004F1ECE /* CurrentFeedInitializeViewController.m in Sources */,
				032C764A1B03F0A400C78CB0 /* LoginViewController.m in Sources */,
				4E777E631B0F6A3100EEAEFC /* FeedSettingsViewController.m in Sources */,
				033B732B1B0CB62800355581 /* FeedHeaderHeroView.m in Sources */,
				032C76311B03C9A100C78CB0 /* FeedLocationModel.m in Sources */,
				032C765A1B041CFE00C78CB0 /* FeedViewController.m in Sources */,
				03FCEE871B2B0C36006D3FF3 /* LocalityBaseViewController.m in Sources */,
				03F71A711B20BAC4006F4088 /* FeedMenuTableViewController.m in Sources */,
				032C76571B0407D000C78CB0 /* UserModel.m in Sources */,
				032C76461B03F06D00C78CB0 /* FacebookManager.m in Sources */,
				036CA1C71AFBC88F0064AB6C /* AppDelegate.m in Sources */,
				030C41321B051EC1004F1ECE /* GoogleMapsManager.m in Sources */,
				033B73321B0D039500355581 /* FeedSliderMenuView.m in Sources */,
				032C76531B03FC1100C78CB0 /* SignUpEmailSentViewController.m in Sources */,
				036CA1C41AFBC88F0064AB6C /* main.m in Sources */,
				4E9D5AE11B133C5A00302886 /* PostCreateViewController.m in Sources */,
				03F71A691B2076D3006F4088 /* SlideNavigationContorllerAnimatorScaleAndFade.m in Sources */,
				03FCEE8E1B2B1093006D3FF3 /* UIColor+LocalityColor.m in Sources */,
				030C41291B04F334004F1ECE /* FlickrManager.m in Sources */,
				0353B4A21B0E3D5500CE3750 /* BusyView.m in Sources */,
				0349E3B81B2871F30036F6D1 /* FeedSettingToggleCell.m in Sources */,
				4E9D5AED1B15FA0200302886 /* PostModel.m in Sources */,
				03FA85C21B2A25D600F68102 /* CameraOverlayView.m in Sources */,
				03F71A6A1B2076D3006F4088 /* SlideNavigationContorllerAnimatorSlide.m in Sources */,
				03FCEE9D1B2B4699006D3FF3 /* MapBoxManager.m in Sources */,
				032C76471B03F06D00C78CB0 /* ParseManager.m in Sources */,
				032C764D1B03F0DE00C78CB0 /* SignUpViewController.m in Sources */,
				03F71A6B1B2076D3006F4088 /* SlideNavigationContorllerAnimatorSlideAndFade.m in Sources */,
				03F71A791B20C425006F4088 /* FeedAddNewTableViewCell.m in Sources */,
				03C2CF291B307BC500463BDC /* ImageUploadView.m in Sources */,
				4E777E671B0F6A6D00EEAEFC /* PostDetailViewController.m in Sources */,
				03F71A681B2076D3006F4088 /* SlideNavigationContorllerAnimatorScale.m in Sources */,
				03FCEE961B2B2AFB006D3FF3 /* HeaderIconButton.m in Sources */,
				03FCEE911B2B18D2006D3FF3 /* LocalityHeaderView.m in Sources */,
				030C41391B0541A5004F1ECE /* LocationRangeSlider.m in Sources */,
				031BC92F1B1F87ED007DFCFB /* DataManager.m in Sources */,
				032C76501B03F8FC00C78CB0 /* SignUpEmailFormViewController.m in Sources */,
				03F71A751B20C0B0006F4088 /* FeedMenuTableViewCell.m in Sources */,
				03F71A5A1B2076B8006F4088 /* SlideNavigationController.m in Sources */,
				03FCEE991B2B3B03006D3FF3 /* HeaderIconModel.m in Sources */,
			);
			runOnlyForDeploymentPostprocessing = 0;
		};
/* End PBXSourcesBuildPhase section */

/* Begin PBXVariantGroup section */
		036CA1CB1AFBC88F0064AB6C /* Main.storyboard */ = {
			isa = PBXVariantGroup;
			children = (
				036CA1CC1AFBC88F0064AB6C /* Base */,
			);
			name = Main.storyboard;
			sourceTree = "<group>";
		};
		036CA1D01AFBC88F0064AB6C /* LaunchScreen.xib */ = {
			isa = PBXVariantGroup;
			children = (
				036CA1D11AFBC88F0064AB6C /* Base */,
			);
			name = LaunchScreen.xib;
			sourceTree = "<group>";
		};
/* End PBXVariantGroup section */

/* Begin XCBuildConfiguration section */
		036CA1DF1AFBC88F0064AB6C /* Debug */ = {
			isa = XCBuildConfiguration;
			buildSettings = {
				ALWAYS_SEARCH_USER_PATHS = NO;
				CLANG_CXX_LANGUAGE_STANDARD = "gnu++0x";
				CLANG_CXX_LIBRARY = "libc++";
				CLANG_ENABLE_MODULES = YES;
				CLANG_ENABLE_OBJC_ARC = YES;
				CLANG_WARN_BOOL_CONVERSION = YES;
				CLANG_WARN_CONSTANT_CONVERSION = YES;
				CLANG_WARN_DIRECT_OBJC_ISA_USAGE = YES_ERROR;
				CLANG_WARN_EMPTY_BODY = YES;
				CLANG_WARN_ENUM_CONVERSION = YES;
				CLANG_WARN_INT_CONVERSION = YES;
				CLANG_WARN_OBJC_ROOT_CLASS = YES_ERROR;
				CLANG_WARN_UNREACHABLE_CODE = YES;
				CLANG_WARN__DUPLICATE_METHOD_MATCH = YES;
				CODE_SIGN_IDENTITY = "iPhone Developer: Brian Maci (TDPTK5PLF3)";
				"CODE_SIGN_IDENTITY[sdk=iphoneos*]" = "iPhone Developer: Brian Maci (TDPTK5PLF3)";
				COPY_PHASE_STRIP = NO;
				DEBUG_INFORMATION_FORMAT = "dwarf-with-dsym";
				ENABLE_STRICT_OBJC_MSGSEND = YES;
				GCC_C_LANGUAGE_STANDARD = gnu99;
				GCC_DYNAMIC_NO_PIC = NO;
				GCC_NO_COMMON_BLOCKS = YES;
				GCC_OPTIMIZATION_LEVEL = 0;
				GCC_PREPROCESSOR_DEFINITIONS = (
					"DEBUG=1",
					"$(inherited)",
				);
				GCC_SYMBOLS_PRIVATE_EXTERN = NO;
				GCC_WARN_64_TO_32_BIT_CONVERSION = YES;
				GCC_WARN_ABOUT_RETURN_TYPE = YES_ERROR;
				GCC_WARN_UNDECLARED_SELECTOR = YES;
				GCC_WARN_UNINITIALIZED_AUTOS = YES_AGGRESSIVE;
				GCC_WARN_UNUSED_FUNCTION = YES;
				GCC_WARN_UNUSED_VARIABLE = YES;
				IPHONEOS_DEPLOYMENT_TARGET = 7.1;
				MTL_ENABLE_DEBUG_INFO = YES;
				ONLY_ACTIVE_ARCH = YES;
				PROVISIONING_PROFILE = "e85081d8-5a9d-4a91-9a28-ef268ce2c751";
				SDKROOT = iphoneos;
				TARGETED_DEVICE_FAMILY = "1,2";
			};
			name = Debug;
		};
		036CA1E01AFBC88F0064AB6C /* Release */ = {
			isa = XCBuildConfiguration;
			buildSettings = {
				ALWAYS_SEARCH_USER_PATHS = NO;
				CLANG_CXX_LANGUAGE_STANDARD = "gnu++0x";
				CLANG_CXX_LIBRARY = "libc++";
				CLANG_ENABLE_MODULES = YES;
				CLANG_ENABLE_OBJC_ARC = YES;
				CLANG_WARN_BOOL_CONVERSION = YES;
				CLANG_WARN_CONSTANT_CONVERSION = YES;
				CLANG_WARN_DIRECT_OBJC_ISA_USAGE = YES_ERROR;
				CLANG_WARN_EMPTY_BODY = YES;
				CLANG_WARN_ENUM_CONVERSION = YES;
				CLANG_WARN_INT_CONVERSION = YES;
				CLANG_WARN_OBJC_ROOT_CLASS = YES_ERROR;
				CLANG_WARN_UNREACHABLE_CODE = YES;
				CLANG_WARN__DUPLICATE_METHOD_MATCH = YES;
				CODE_SIGN_IDENTITY = "iPhone Developer: Brian Maci (TDPTK5PLF3)";
				"CODE_SIGN_IDENTITY[sdk=iphoneos*]" = "iPhone Developer: Brian Maci (TDPTK5PLF3)";
				COPY_PHASE_STRIP = NO;
				DEBUG_INFORMATION_FORMAT = "dwarf-with-dsym";
				ENABLE_NS_ASSERTIONS = NO;
				ENABLE_STRICT_OBJC_MSGSEND = YES;
				GCC_C_LANGUAGE_STANDARD = gnu99;
				GCC_NO_COMMON_BLOCKS = YES;
				GCC_WARN_64_TO_32_BIT_CONVERSION = YES;
				GCC_WARN_ABOUT_RETURN_TYPE = YES_ERROR;
				GCC_WARN_UNDECLARED_SELECTOR = YES;
				GCC_WARN_UNINITIALIZED_AUTOS = YES_AGGRESSIVE;
				GCC_WARN_UNUSED_FUNCTION = YES;
				GCC_WARN_UNUSED_VARIABLE = YES;
				IPHONEOS_DEPLOYMENT_TARGET = 7.1;
				MTL_ENABLE_DEBUG_INFO = NO;
				PROVISIONING_PROFILE = "e85081d8-5a9d-4a91-9a28-ef268ce2c751";
				SDKROOT = iphoneos;
				TARGETED_DEVICE_FAMILY = "1,2";
				VALIDATE_PRODUCT = YES;
			};
			name = Release;
		};
		036CA1E21AFBC88F0064AB6C /* Debug */ = {
			isa = XCBuildConfiguration;
			baseConfigurationReference = C06C2D1706F010AEAB1BEA7D /* Pods-locality.debug.xcconfig */;
			buildSettings = {
				ASSETCATALOG_COMPILER_APPICON_NAME = AppIcon;
				CODE_SIGN_IDENTITY = "iPhone Developer: Brian Maci (TDPTK5PLF3)";
				"CODE_SIGN_IDENTITY[sdk=iphoneos*]" = "iPhone Developer: Brian Maci (TDPTK5PLF3)";
				INFOPLIST_FILE = locality/Info.plist;
				LD_RUNPATH_SEARCH_PATHS = "$(inherited) @executable_path/Frameworks";
				PRODUCT_NAME = "$(TARGET_NAME)";
				PROVISIONING_PROFILE = "e85081d8-5a9d-4a91-9a28-ef268ce2c751";
			};
			name = Debug;
		};
		036CA1E31AFBC88F0064AB6C /* Release */ = {
			isa = XCBuildConfiguration;
			baseConfigurationReference = DAF769E18A2F3E553FEBB732 /* Pods-locality.release.xcconfig */;
			buildSettings = {
				ASSETCATALOG_COMPILER_APPICON_NAME = AppIcon;
				CODE_SIGN_IDENTITY = "iPhone Developer: Brian Maci (TDPTK5PLF3)";
				"CODE_SIGN_IDENTITY[sdk=iphoneos*]" = "iPhone Developer: Brian Maci (TDPTK5PLF3)";
				INFOPLIST_FILE = locality/Info.plist;
				LD_RUNPATH_SEARCH_PATHS = "$(inherited) @executable_path/Frameworks";
				PRODUCT_NAME = "$(TARGET_NAME)";
				PROVISIONING_PROFILE = "e85081d8-5a9d-4a91-9a28-ef268ce2c751";
			};
			name = Release;
		};
/* End XCBuildConfiguration section */

/* Begin XCConfigurationList section */
		036CA1B91AFBC88E0064AB6C /* Build configuration list for PBXProject "locality" */ = {
			isa = XCConfigurationList;
			buildConfigurations = (
				036CA1DF1AFBC88F0064AB6C /* Debug */,
				036CA1E01AFBC88F0064AB6C /* Release */,
			);
			defaultConfigurationIsVisible = 0;
			defaultConfigurationName = Release;
		};
		036CA1E11AFBC88F0064AB6C /* Build configuration list for PBXNativeTarget "locality" */ = {
			isa = XCConfigurationList;
			buildConfigurations = (
				036CA1E21AFBC88F0064AB6C /* Debug */,
				036CA1E31AFBC88F0064AB6C /* Release */,
			);
			defaultConfigurationIsVisible = 0;
			defaultConfigurationName = Release;
		};
/* End XCConfigurationList section */
	};
	rootObject = 036CA1B61AFBC88E0064AB6C /* Project object */;
}
