// !$*UTF8*$!
{
	archiveVersion = 1;
	classes = {
	};
	objectVersion = 46;
	objects = {

/* Begin PBXBuildFile section */
		030C41291B04F334004F1ECE /* FlickrManager.m in Sources */ = {isa = PBXBuildFile; fileRef = 030C41281B04F334004F1ECE /* FlickrManager.m */; };
		030C412C1B050B22004F1ECE /* CurrentFeedInitializeViewController.m in Sources */ = {isa = PBXBuildFile; fileRef = 030C412B1B050B22004F1ECE /* CurrentFeedInitializeViewController.m */; };
		030C412F1B051592004F1ECE /* MainFeedNavigationController.m in Sources */ = {isa = PBXBuildFile; fileRef = 030C412E1B051592004F1ECE /* MainFeedNavigationController.m */; };
		030C41321B051EC1004F1ECE /* GoogleMapsManager.m in Sources */ = {isa = PBXBuildFile; fileRef = 030C41311B051EC1004F1ECE /* GoogleMapsManager.m */; };
		030C41391B0541A5004F1ECE /* LocationRangeSlider.m in Sources */ = {isa = PBXBuildFile; fileRef = 030C41381B0541A5004F1ECE /* LocationRangeSlider.m */; };
		032C76311B03C9A100C78CB0 /* FeedLocationModel.m in Sources */ = {isa = PBXBuildFile; fileRef = 032C76301B03C9A100C78CB0 /* FeedLocationModel.m */; };
		032C76351B03EFA100C78CB0 /* config.m in Sources */ = {isa = PBXBuildFile; fileRef = 032C76341B03EFA100C78CB0 /* config.m */; };
		032C76461B03F06D00C78CB0 /* FacebookManager.m in Sources */ = {isa = PBXBuildFile; fileRef = 032C76431B03F06D00C78CB0 /* FacebookManager.m */; };
		032C76471B03F06D00C78CB0 /* ParseManager.m in Sources */ = {isa = PBXBuildFile; fileRef = 032C76451B03F06D00C78CB0 /* ParseManager.m */; };
		032C764A1B03F0A400C78CB0 /* LoginViewController.m in Sources */ = {isa = PBXBuildFile; fileRef = 032C76491B03F0A400C78CB0 /* LoginViewController.m */; };
		032C764D1B03F0DE00C78CB0 /* SignUpViewController.m in Sources */ = {isa = PBXBuildFile; fileRef = 032C764C1B03F0DE00C78CB0 /* SignUpViewController.m */; };
		032C76501B03F8FC00C78CB0 /* SignUpEmailFormViewController.m in Sources */ = {isa = PBXBuildFile; fileRef = 032C764F1B03F8FC00C78CB0 /* SignUpEmailFormViewController.m */; };
		032C76531B03FC1100C78CB0 /* SignUpEmailSentViewController.m in Sources */ = {isa = PBXBuildFile; fileRef = 032C76521B03FC1100C78CB0 /* SignUpEmailSentViewController.m */; };
		032C76571B0407D000C78CB0 /* UserModel.m in Sources */ = {isa = PBXBuildFile; fileRef = 032C76561B0407D000C78CB0 /* UserModel.m */; };
		032C765A1B041CFE00C78CB0 /* FeedViewController.m in Sources */ = {isa = PBXBuildFile; fileRef = 032C76591B041CFE00C78CB0 /* FeedViewController.m */; };
		036CA1C41AFBC88F0064AB6C /* main.m in Sources */ = {isa = PBXBuildFile; fileRef = 036CA1C31AFBC88F0064AB6C /* main.m */; };
		036CA1C71AFBC88F0064AB6C /* AppDelegate.m in Sources */ = {isa = PBXBuildFile; fileRef = 036CA1C61AFBC88F0064AB6C /* AppDelegate.m */; };
		036CA1CD1AFBC88F0064AB6C /* Main.storyboard in Resources */ = {isa = PBXBuildFile; fileRef = 036CA1CB1AFBC88F0064AB6C /* Main.storyboard */; };
		036CA1CF1AFBC88F0064AB6C /* Images.xcassets in Resources */ = {isa = PBXBuildFile; fileRef = 036CA1CE1AFBC88F0064AB6C /* Images.xcassets */; };
		036CA1D21AFBC88F0064AB6C /* LaunchScreen.xib in Resources */ = {isa = PBXBuildFile; fileRef = 036CA1D01AFBC88F0064AB6C /* LaunchScreen.xib */; };
		03D595C71B06269B00C48F25 /* AppUtilities.m in Sources */ = {isa = PBXBuildFile; fileRef = 03D595C61B06269B00C48F25 /* AppUtilities.m */; };
		4823EA5EEC9A9D8CFC3335D3 /* libPods-locality.a in Frameworks */ = {isa = PBXBuildFile; fileRef = 7D973429C6A2108EE94A211B /* libPods-locality.a */; };
/* End PBXBuildFile section */

/* Begin PBXFileReference section */
		030C41271B04F334004F1ECE /* FlickrManager.h */ = {isa = PBXFileReference; fileEncoding = 4; lastKnownFileType = sourcecode.c.h; name = FlickrManager.h; path = manager/FlickrManager.h; sourceTree = "<group>"; };
		030C41281B04F334004F1ECE /* FlickrManager.m */ = {isa = PBXFileReference; fileEncoding = 4; lastKnownFileType = sourcecode.c.objc; name = FlickrManager.m; path = manager/FlickrManager.m; sourceTree = "<group>"; };
		030C412A1B050B22004F1ECE /* CurrentFeedInitializeViewController.h */ = {isa = PBXFileReference; fileEncoding = 4; lastKnownFileType = sourcecode.c.h; name = CurrentFeedInitializeViewController.h; path = viewcontroller/CurrentFeedInitializeViewController.h; sourceTree = "<group>"; };
		030C412B1B050B22004F1ECE /* CurrentFeedInitializeViewController.m */ = {isa = PBXFileReference; fileEncoding = 4; lastKnownFileType = sourcecode.c.objc; name = CurrentFeedInitializeViewController.m; path = viewcontroller/CurrentFeedInitializeViewController.m; sourceTree = "<group>"; };
		030C412D1B051592004F1ECE /* MainFeedNavigationController.h */ = {isa = PBXFileReference; fileEncoding = 4; lastKnownFileType = sourcecode.c.h; name = MainFeedNavigationController.h; path = viewcontroller/MainFeedNavigationController.h; sourceTree = "<group>"; };
		030C412E1B051592004F1ECE /* MainFeedNavigationController.m */ = {isa = PBXFileReference; fileEncoding = 4; lastKnownFileType = sourcecode.c.objc; name = MainFeedNavigationController.m; path = viewcontroller/MainFeedNavigationController.m; sourceTree = "<group>"; };
		030C41301B051EC1004F1ECE /* GoogleMapsManager.h */ = {isa = PBXFileReference; fileEncoding = 4; lastKnownFileType = sourcecode.c.h; name = GoogleMapsManager.h; path = manager/GoogleMapsManager.h; sourceTree = "<group>"; };
		030C41311B051EC1004F1ECE /* GoogleMapsManager.m */ = {isa = PBXFileReference; fileEncoding = 4; lastKnownFileType = sourcecode.c.objc; name = GoogleMapsManager.m; path = manager/GoogleMapsManager.m; sourceTree = "<group>"; };
		030C41371B0541A5004F1ECE /* LocationRangeSlider.h */ = {isa = PBXFileReference; fileEncoding = 4; lastKnownFileType = sourcecode.c.h; name = LocationRangeSlider.h; path = custom_ui/LocationRangeSlider.h; sourceTree = "<group>"; };
		030C41381B0541A5004F1ECE /* LocationRangeSlider.m */ = {isa = PBXFileReference; fileEncoding = 4; lastKnownFileType = sourcecode.c.objc; name = LocationRangeSlider.m; path = custom_ui/LocationRangeSlider.m; sourceTree = "<group>"; };
		032C762F1B03C9A100C78CB0 /* FeedLocationModel.h */ = {isa = PBXFileReference; fileEncoding = 4; lastKnownFileType = sourcecode.c.h; name = FeedLocationModel.h; path = model/FeedLocationModel.h; sourceTree = "<group>"; };
		032C76301B03C9A100C78CB0 /* FeedLocationModel.m */ = {isa = PBXFileReference; fileEncoding = 4; lastKnownFileType = sourcecode.c.objc; name = FeedLocationModel.m; path = model/FeedLocationModel.m; sourceTree = "<group>"; };
		032C76331B03EFA100C78CB0 /* config.h */ = {isa = PBXFileReference; fileEncoding = 4; lastKnownFileType = sourcecode.c.h; path = config.h; sourceTree = "<group>"; };
		032C76341B03EFA100C78CB0 /* config.m */ = {isa = PBXFileReference; fileEncoding = 4; lastKnownFileType = sourcecode.c.objc; path = config.m; sourceTree = "<group>"; };
		032C76421B03F06D00C78CB0 /* FacebookManager.h */ = {isa = PBXFileReference; fileEncoding = 4; lastKnownFileType = sourcecode.c.h; name = FacebookManager.h; path = manager/FacebookManager.h; sourceTree = "<group>"; };
		032C76431B03F06D00C78CB0 /* FacebookManager.m */ = {isa = PBXFileReference; fileEncoding = 4; lastKnownFileType = sourcecode.c.objc; name = FacebookManager.m; path = manager/FacebookManager.m; sourceTree = "<group>"; };
		032C76441B03F06D00C78CB0 /* ParseManager.h */ = {isa = PBXFileReference; fileEncoding = 4; lastKnownFileType = sourcecode.c.h; name = ParseManager.h; path = manager/ParseManager.h; sourceTree = "<group>"; };
		032C76451B03F06D00C78CB0 /* ParseManager.m */ = {isa = PBXFileReference; fileEncoding = 4; lastKnownFileType = sourcecode.c.objc; name = ParseManager.m; path = manager/ParseManager.m; sourceTree = "<group>"; };
		032C76481B03F0A400C78CB0 /* LoginViewController.h */ = {isa = PBXFileReference; fileEncoding = 4; lastKnownFileType = sourcecode.c.h; name = LoginViewController.h; path = viewcontroller/LoginViewController.h; sourceTree = "<group>"; };
		032C76491B03F0A400C78CB0 /* LoginViewController.m */ = {isa = PBXFileReference; fileEncoding = 4; lastKnownFileType = sourcecode.c.objc; name = LoginViewController.m; path = viewcontroller/LoginViewController.m; sourceTree = "<group>"; };
		032C764B1B03F0DE00C78CB0 /* SignUpViewController.h */ = {isa = PBXFileReference; fileEncoding = 4; lastKnownFileType = sourcecode.c.h; name = SignUpViewController.h; path = viewcontroller/SignUpViewController.h; sourceTree = "<group>"; };
		032C764C1B03F0DE00C78CB0 /* SignUpViewController.m */ = {isa = PBXFileReference; fileEncoding = 4; lastKnownFileType = sourcecode.c.objc; name = SignUpViewController.m; path = viewcontroller/SignUpViewController.m; sourceTree = "<group>"; };
		032C764E1B03F8FC00C78CB0 /* SignUpEmailFormViewController.h */ = {isa = PBXFileReference; fileEncoding = 4; lastKnownFileType = sourcecode.c.h; name = SignUpEmailFormViewController.h; path = viewcontroller/SignUpEmailFormViewController.h; sourceTree = "<group>"; };
		032C764F1B03F8FC00C78CB0 /* SignUpEmailFormViewController.m */ = {isa = PBXFileReference; fileEncoding = 4; lastKnownFileType = sourcecode.c.objc; name = SignUpEmailFormViewController.m; path = viewcontroller/SignUpEmailFormViewController.m; sourceTree = "<group>"; };
		032C76511B03FC1100C78CB0 /* SignUpEmailSentViewController.h */ = {isa = PBXFileReference; fileEncoding = 4; lastKnownFileType = sourcecode.c.h; name = SignUpEmailSentViewController.h; path = viewcontroller/SignUpEmailSentViewController.h; sourceTree = "<group>"; };
		032C76521B03FC1100C78CB0 /* SignUpEmailSentViewController.m */ = {isa = PBXFileReference; fileEncoding = 4; lastKnownFileType = sourcecode.c.objc; name = SignUpEmailSentViewController.m; path = viewcontroller/SignUpEmailSentViewController.m; sourceTree = "<group>"; };
		032C76551B0407D000C78CB0 /* UserModel.h */ = {isa = PBXFileReference; fileEncoding = 4; lastKnownFileType = sourcecode.c.h; name = UserModel.h; path = model/UserModel.h; sourceTree = "<group>"; };
		032C76561B0407D000C78CB0 /* UserModel.m */ = {isa = PBXFileReference; fileEncoding = 4; lastKnownFileType = sourcecode.c.objc; name = UserModel.m; path = model/UserModel.m; sourceTree = "<group>"; };
		032C76581B041CFE00C78CB0 /* FeedViewController.h */ = {isa = PBXFileReference; fileEncoding = 4; lastKnownFileType = sourcecode.c.h; name = FeedViewController.h; path = viewcontroller/FeedViewController.h; sourceTree = "<group>"; };
		032C76591B041CFE00C78CB0 /* FeedViewController.m */ = {isa = PBXFileReference; fileEncoding = 4; lastKnownFileType = sourcecode.c.objc; name = FeedViewController.m; path = viewcontroller/FeedViewController.m; sourceTree = "<group>"; };
		036CA1BE1AFBC88F0064AB6C /* locality.app */ = {isa = PBXFileReference; explicitFileType = wrapper.application; includeInIndex = 0; path = locality.app; sourceTree = BUILT_PRODUCTS_DIR; };
		036CA1C21AFBC88F0064AB6C /* Info.plist */ = {isa = PBXFileReference; lastKnownFileType = text.plist.xml; path = Info.plist; sourceTree = "<group>"; };
		036CA1C31AFBC88F0064AB6C /* main.m */ = {isa = PBXFileReference; lastKnownFileType = sourcecode.c.objc; path = main.m; sourceTree = "<group>"; };
		036CA1C51AFBC88F0064AB6C /* AppDelegate.h */ = {isa = PBXFileReference; lastKnownFileType = sourcecode.c.h; path = AppDelegate.h; sourceTree = "<group>"; };
		036CA1C61AFBC88F0064AB6C /* AppDelegate.m */ = {isa = PBXFileReference; lastKnownFileType = sourcecode.c.objc; path = AppDelegate.m; sourceTree = "<group>"; };
		036CA1CC1AFBC88F0064AB6C /* Base */ = {isa = PBXFileReference; lastKnownFileType = file.storyboard; name = Base; path = Base.lproj/Main.storyboard; sourceTree = "<group>"; };
		036CA1CE1AFBC88F0064AB6C /* Images.xcassets */ = {isa = PBXFileReference; lastKnownFileType = folder.assetcatalog; path = Images.xcassets; sourceTree = "<group>"; };
		036CA1D11AFBC88F0064AB6C /* Base */ = {isa = PBXFileReference; lastKnownFileType = file.xib; name = Base; path = Base.lproj/LaunchScreen.xib; sourceTree = "<group>"; };
		036CA1DC1AFBC88F0064AB6C /* Info.plist */ = {isa = PBXFileReference; lastKnownFileType = text.plist.xml; path = Info.plist; sourceTree = "<group>"; };
		036CA1DD1AFBC88F0064AB6C /* localityTests.m */ = {isa = PBXFileReference; lastKnownFileType = sourcecode.c.objc; path = localityTests.m; sourceTree = "<group>"; };
		03D595C51B06269B00C48F25 /* AppUtilities.h */ = {isa = PBXFileReference; fileEncoding = 4; lastKnownFileType = sourcecode.c.h; name = AppUtilities.h; path = util/AppUtilities.h; sourceTree = "<group>"; };
		03D595C61B06269B00C48F25 /* AppUtilities.m */ = {isa = PBXFileReference; fileEncoding = 4; lastKnownFileType = sourcecode.c.objc; name = AppUtilities.m; path = util/AppUtilities.m; sourceTree = "<group>"; };
		7D973429C6A2108EE94A211B /* libPods-locality.a */ = {isa = PBXFileReference; explicitFileType = archive.ar; includeInIndex = 0; path = "libPods-locality.a"; sourceTree = BUILT_PRODUCTS_DIR; };
		C06C2D1706F010AEAB1BEA7D /* Pods-locality.debug.xcconfig */ = {isa = PBXFileReference; includeInIndex = 1; lastKnownFileType = text.xcconfig; name = "Pods-locality.debug.xcconfig"; path = "Pods/Target Support Files/Pods-locality/Pods-locality.debug.xcconfig"; sourceTree = "<group>"; };
		DAF769E18A2F3E553FEBB732 /* Pods-locality.release.xcconfig */ = {isa = PBXFileReference; includeInIndex = 1; lastKnownFileType = text.xcconfig; name = "Pods-locality.release.xcconfig"; path = "Pods/Target Support Files/Pods-locality/Pods-locality.release.xcconfig"; sourceTree = "<group>"; };
/* End PBXFileReference section */

/* Begin PBXFrameworksBuildPhase section */
		036CA1BB1AFBC88F0064AB6C /* Frameworks */ = {
			isa = PBXFrameworksBuildPhase;
			buildActionMask = 2147483647;
			files = (
				4823EA5EEC9A9D8CFC3335D3 /* libPods-locality.a in Frameworks */,
			);
			runOnlyForDeploymentPostprocessing = 0;
		};
/* End PBXFrameworksBuildPhase section */

/* Begin PBXGroup section */
		030C41331B054158004F1ECE /* custom_ui */ = {
			isa = PBXGroup;
			children = (
				030C41371B0541A5004F1ECE /* LocationRangeSlider.h */,
				030C41381B0541A5004F1ECE /* LocationRangeSlider.m */,
			);
			name = custom_ui;
			sourceTree = "<group>";
		};
		032C76321B03EF8100C78CB0 /* model */ = {
			isa = PBXGroup;
			children = (
				032C762F1B03C9A100C78CB0 /* FeedLocationModel.h */,
				032C76301B03C9A100C78CB0 /* FeedLocationModel.m */,
				032C76551B0407D000C78CB0 /* UserModel.h */,
				032C76561B0407D000C78CB0 /* UserModel.m */,
			);
			name = model;
			sourceTree = "<group>";
		};
		032C76361B03EFA900C78CB0 /* util */ = {
			isa = PBXGroup;
			children = (
				03D595C51B06269B00C48F25 /* AppUtilities.h */,
				03D595C61B06269B00C48F25 /* AppUtilities.m */,
			);
			name = util;
			sourceTree = "<group>";
		};
		032C76371B03EFB700C78CB0 /* viewcontroller */ = {
			isa = PBXGroup;
			children = (
				030C412D1B051592004F1ECE /* MainFeedNavigationController.h */,
				030C412E1B051592004F1ECE /* MainFeedNavigationController.m */,
				032C765B1B041D0800C78CB0 /* feed */,
				032C76541B03FD4A00C78CB0 /* login-signup */,
			);
			name = viewcontroller;
			sourceTree = "<group>";
		};
		032C76381B03EFCD00C78CB0 /* manager */ = {
			isa = PBXGroup;
			children = (
				032C76421B03F06D00C78CB0 /* FacebookManager.h */,
				032C76431B03F06D00C78CB0 /* FacebookManager.m */,
				030C41271B04F334004F1ECE /* FlickrManager.h */,
				030C41281B04F334004F1ECE /* FlickrManager.m */,
				030C41301B051EC1004F1ECE /* GoogleMapsManager.h */,
				030C41311B051EC1004F1ECE /* GoogleMapsManager.m */,
				032C76441B03F06D00C78CB0 /* ParseManager.h */,
				032C76451B03F06D00C78CB0 /* ParseManager.m */,
			);
			name = manager;
			sourceTree = "<group>";
		};
		032C76541B03FD4A00C78CB0 /* login-signup */ = {
			isa = PBXGroup;
			children = (
				032C76481B03F0A400C78CB0 /* LoginViewController.h */,
				032C76491B03F0A400C78CB0 /* LoginViewController.m */,
				032C764B1B03F0DE00C78CB0 /* SignUpViewController.h */,
				032C764C1B03F0DE00C78CB0 /* SignUpViewController.m */,
				032C764E1B03F8FC00C78CB0 /* SignUpEmailFormViewController.h */,
				032C764F1B03F8FC00C78CB0 /* SignUpEmailFormViewController.m */,
				032C76511B03FC1100C78CB0 /* SignUpEmailSentViewController.h */,
				032C76521B03FC1100C78CB0 /* SignUpEmailSentViewController.m */,
			);
			name = "login-signup";
			sourceTree = "<group>";
		};
		032C765B1B041D0800C78CB0 /* feed */ = {
			isa = PBXGroup;
			children = (
				030C412A1B050B22004F1ECE /* CurrentFeedInitializeViewController.h */,
				030C412B1B050B22004F1ECE /* CurrentFeedInitializeViewController.m */,
				032C76581B041CFE00C78CB0 /* FeedViewController.h */,
				032C76591B041CFE00C78CB0 /* FeedViewController.m */,
			);
			name = feed;
			sourceTree = "<group>";
		};
		036CA1B51AFBC88E0064AB6C = {
			isa = PBXGroup;
			children = (
				036CA1C01AFBC88F0064AB6C /* locality */,
				036CA1DA1AFBC88F0064AB6C /* localityTests */,
				036CA1BF1AFBC88F0064AB6C /* Products */,
				2EB97B287A6B34791CB09DB4 /* Pods */,
				C3D004E5419D0C5AD6C191B9 /* Frameworks */,
			);
			sourceTree = "<group>";
		};
		036CA1BF1AFBC88F0064AB6C /* Products */ = {
			isa = PBXGroup;
			children = (
				036CA1BE1AFBC88F0064AB6C /* locality.app */,
			);
			name = Products;
			sourceTree = "<group>";
		};
		036CA1C01AFBC88F0064AB6C /* locality */ = {
			isa = PBXGroup;
			children = (
				036CA1C51AFBC88F0064AB6C /* AppDelegate.h */,
				036CA1C61AFBC88F0064AB6C /* AppDelegate.m */,
				032C76331B03EFA100C78CB0 /* config.h */,
				032C76341B03EFA100C78CB0 /* config.m */,
				036CA1CB1AFBC88F0064AB6C /* Main.storyboard */,
				036CA1CE1AFBC88F0064AB6C /* Images.xcassets */,
				036CA1D01AFBC88F0064AB6C /* LaunchScreen.xib */,
				030C41331B054158004F1ECE /* custom_ui */,
				032C76381B03EFCD00C78CB0 /* manager */,
				032C76321B03EF8100C78CB0 /* model */,
				032C76361B03EFA900C78CB0 /* util */,
				032C76371B03EFB700C78CB0 /* viewcontroller */,
				036CA1C11AFBC88F0064AB6C /* Supporting Files */,
			);
			path = locality;
			sourceTree = "<group>";
		};
		036CA1C11AFBC88F0064AB6C /* Supporting Files */ = {
			isa = PBXGroup;
			children = (
				036CA1C21AFBC88F0064AB6C /* Info.plist */,
				036CA1C31AFBC88F0064AB6C /* main.m */,
			);
			name = "Supporting Files";
			sourceTree = "<group>";
		};
		036CA1DA1AFBC88F0064AB6C /* localityTests */ = {
			isa = PBXGroup;
			children = (
				036CA1DD1AFBC88F0064AB6C /* localityTests.m */,
				036CA1DB1AFBC88F0064AB6C /* Supporting Files */,
			);
			path = localityTests;
			sourceTree = "<group>";
		};
		036CA1DB1AFBC88F0064AB6C /* Supporting Files */ = {
			isa = PBXGroup;
			children = (
				036CA1DC1AFBC88F0064AB6C /* Info.plist */,
			);
			name = "Supporting Files";
			sourceTree = "<group>";
		};
		2EB97B287A6B34791CB09DB4 /* Pods */ = {
			isa = PBXGroup;
			children = (
				C06C2D1706F010AEAB1BEA7D /* Pods-locality.debug.xcconfig */,
				DAF769E18A2F3E553FEBB732 /* Pods-locality.release.xcconfig */,
			);
			name = Pods;
			sourceTree = "<group>";
		};
		C3D004E5419D0C5AD6C191B9 /* Frameworks */ = {
			isa = PBXGroup;
			children = (
				7D973429C6A2108EE94A211B /* libPods-locality.a */,
			);
			name = Frameworks;
			sourceTree = "<group>";
		};
/* End PBXGroup section */

/* Begin PBXNativeTarget section */
		036CA1BD1AFBC88F0064AB6C /* locality */ = {
			isa = PBXNativeTarget;
			buildConfigurationList = 036CA1E11AFBC88F0064AB6C /* Build configuration list for PBXNativeTarget "locality" */;
			buildPhases = (
				B9F033E9CE9C24631DDBF49D /* Check Pods Manifest.lock */,
				036CA1BA1AFBC88F0064AB6C /* Sources */,
				036CA1BB1AFBC88F0064AB6C /* Frameworks */,
				036CA1BC1AFBC88F0064AB6C /* Resources */,
				365D6E72544F82EE9BEF8E3C /* Copy Pods Resources */,
			);
			buildRules = (
			);
			dependencies = (
			);
			name = locality;
			productName = locality;
			productReference = 036CA1BE1AFBC88F0064AB6C /* locality.app */;
			productType = "com.apple.product-type.application";
		};
/* End PBXNativeTarget section */

/* Begin PBXProject section */
		036CA1B61AFBC88E0064AB6C /* Project object */ = {
			isa = PBXProject;
			attributes = {
				LastUpgradeCheck = 0630;
				ORGANIZATIONNAME = briancmaci;
				TargetAttributes = {
					036CA1BD1AFBC88F0064AB6C = {
						CreatedOnToolsVersion = 6.3.1;
					};
				};
			};
			buildConfigurationList = 036CA1B91AFBC88E0064AB6C /* Build configuration list for PBXProject "locality" */;
			compatibilityVersion = "Xcode 3.2";
			developmentRegion = English;
			hasScannedForEncodings = 0;
			knownRegions = (
				en,
				Base,
			);
			mainGroup = 036CA1B51AFBC88E0064AB6C;
			productRefGroup = 036CA1BF1AFBC88F0064AB6C /* Products */;
			projectDirPath = "";
			projectRoot = "";
			targets = (
				036CA1BD1AFBC88F0064AB6C /* locality */,
			);
		};
/* End PBXProject section */

/* Begin PBXResourcesBuildPhase section */
		036CA1BC1AFBC88F0064AB6C /* Resources */ = {
			isa = PBXResourcesBuildPhase;
			buildActionMask = 2147483647;
			files = (
				036CA1CD1AFBC88F0064AB6C /* Main.storyboard in Resources */,
				036CA1D21AFBC88F0064AB6C /* LaunchScreen.xib in Resources */,
				036CA1CF1AFBC88F0064AB6C /* Images.xcassets in Resources */,
			);
			runOnlyForDeploymentPostprocessing = 0;
		};
/* End PBXResourcesBuildPhase section */

/* Begin PBXShellScriptBuildPhase section */
		365D6E72544F82EE9BEF8E3C /* Copy Pods Resources */ = {
			isa = PBXShellScriptBuildPhase;
			buildActionMask = 2147483647;
			files = (
			);
			inputPaths = (
			);
			name = "Copy Pods Resources";
			outputPaths = (
			);
			runOnlyForDeploymentPostprocessing = 0;
			shellPath = /bin/sh;
			shellScript = "\"${SRCROOT}/Pods/Target Support Files/Pods-locality/Pods-locality-resources.sh\"\n";
			showEnvVarsInLog = 0;
		};
		B9F033E9CE9C24631DDBF49D /* Check Pods Manifest.lock */ = {
			isa = PBXShellScriptBuildPhase;
			buildActionMask = 2147483647;
			files = (
			);
			inputPaths = (
			);
			name = "Check Pods Manifest.lock";
			outputPaths = (
			);
			runOnlyForDeploymentPostprocessing = 0;
			shellPath = /bin/sh;
			shellScript = "diff \"${PODS_ROOT}/../Podfile.lock\" \"${PODS_ROOT}/Manifest.lock\" > /dev/null\nif [[ $? != 0 ]] ; then\n    cat << EOM\nerror: The sandbox is not in sync with the Podfile.lock. Run 'pod install' or update your CocoaPods installation.\nEOM\n    exit 1\nfi\n";
			showEnvVarsInLog = 0;
		};
/* End PBXShellScriptBuildPhase section */

/* Begin PBXSourcesBuildPhase section */
		036CA1BA1AFBC88F0064AB6C /* Sources */ = {
			isa = PBXSourcesBuildPhase;
			buildActionMask = 2147483647;
			files = (
				03D595C71B06269B00C48F25 /* AppUtilities.m in Sources */,
				030C412C1B050B22004F1ECE /* CurrentFeedInitializeViewController.m in Sources */,
				032C764A1B03F0A400C78CB0 /* LoginViewController.m in Sources */,
				032C76311B03C9A100C78CB0 /* FeedLocationModel.m in Sources */,
				032C765A1B041CFE00C78CB0 /* FeedViewController.m in Sources */,
				032C76571B0407D000C78CB0 /* UserModel.m in Sources */,
				032C76461B03F06D00C78CB0 /* FacebookManager.m in Sources */,
				036CA1C71AFBC88F0064AB6C /* AppDelegate.m in Sources */,
				030C41321B051EC1004F1ECE /* GoogleMapsManager.m in Sources */,
				032C76531B03FC1100C78CB0 /* SignUpEmailSentViewController.m in Sources */,
				036CA1C41AFBC88F0064AB6C /* main.m in Sources */,
				030C41291B04F334004F1ECE /* FlickrManager.m in Sources */,
				032C76351B03EFA100C78CB0 /* config.m in Sources */,
				030C412F1B051592004F1ECE /* MainFeedNavigationController.m in Sources */,
				032C76471B03F06D00C78CB0 /* ParseManager.m in Sources */,
				032C764D1B03F0DE00C78CB0 /* SignUpViewController.m in Sources */,
				030C41391B0541A5004F1ECE /* LocationRangeSlider.m in Sources */,
				032C76501B03F8FC00C78CB0 /* SignUpEmailFormViewController.m in Sources */,
			);
			runOnlyForDeploymentPostprocessing = 0;
		};
/* End PBXSourcesBuildPhase section */

/* Begin PBXVariantGroup section */
		036CA1CB1AFBC88F0064AB6C /* Main.storyboard */ = {
			isa = PBXVariantGroup;
			children = (
				036CA1CC1AFBC88F0064AB6C /* Base */,
			);
			name = Main.storyboard;
			sourceTree = "<group>";
		};
		036CA1D01AFBC88F0064AB6C /* LaunchScreen.xib */ = {
			isa = PBXVariantGroup;
			children = (
				036CA1D11AFBC88F0064AB6C /* Base */,
			);
			name = LaunchScreen.xib;
			sourceTree = "<group>";
		};
/* End PBXVariantGroup section */

/* Begin XCBuildConfiguration section */
		036CA1DF1AFBC88F0064AB6C /* Debug */ = {
			isa = XCBuildConfiguration;
			buildSettings = {
				ALWAYS_SEARCH_USER_PATHS = NO;
				CLANG_CXX_LANGUAGE_STANDARD = "gnu++0x";
				CLANG_CXX_LIBRARY = "libc++";
				CLANG_ENABLE_MODULES = YES;
				CLANG_ENABLE_OBJC_ARC = YES;
				CLANG_WARN_BOOL_CONVERSION = YES;
				CLANG_WARN_CONSTANT_CONVERSION = YES;
				CLANG_WARN_DIRECT_OBJC_ISA_USAGE = YES_ERROR;
				CLANG_WARN_EMPTY_BODY = YES;
				CLANG_WARN_ENUM_CONVERSION = YES;
				CLANG_WARN_INT_CONVERSION = YES;
				CLANG_WARN_OBJC_ROOT_CLASS = YES_ERROR;
				CLANG_WARN_UNREACHABLE_CODE = YES;
				CLANG_WARN__DUPLICATE_METHOD_MATCH = YES;
				CODE_SIGN_IDENTITY = "iPhone Developer: Brian Maci (TDPTK5PLF3)";
				"CODE_SIGN_IDENTITY[sdk=iphoneos*]" = "iPhone Developer: Brian Maci (TDPTK5PLF3)";
				COPY_PHASE_STRIP = NO;
				DEBUG_INFORMATION_FORMAT = "dwarf-with-dsym";
				ENABLE_STRICT_OBJC_MSGSEND = YES;
				GCC_C_LANGUAGE_STANDARD = gnu99;
				GCC_DYNAMIC_NO_PIC = NO;
				GCC_NO_COMMON_BLOCKS = YES;
				GCC_OPTIMIZATION_LEVEL = 0;
				GCC_PREPROCESSOR_DEFINITIONS = (
					"DEBUG=1",
					"$(inherited)",
				);
				GCC_SYMBOLS_PRIVATE_EXTERN = NO;
				GCC_WARN_64_TO_32_BIT_CONVERSION = YES;
				GCC_WARN_ABOUT_RETURN_TYPE = YES_ERROR;
				GCC_WARN_UNDECLARED_SELECTOR = YES;
				GCC_WARN_UNINITIALIZED_AUTOS = YES_AGGRESSIVE;
				GCC_WARN_UNUSED_FUNCTION = YES;
				GCC_WARN_UNUSED_VARIABLE = YES;
				IPHONEOS_DEPLOYMENT_TARGET = 8.3;
				MTL_ENABLE_DEBUG_INFO = YES;
				ONLY_ACTIVE_ARCH = YES;
				PROVISIONING_PROFILE = "b1244b1d-b0bc-4ca3-a428-d805c72d082c";
				SDKROOT = iphoneos;
				TARGETED_DEVICE_FAMILY = "1,2";
			};
			name = Debug;
		};
		036CA1E01AFBC88F0064AB6C /* Release */ = {
			isa = XCBuildConfiguration;
			buildSettings = {
				ALWAYS_SEARCH_USER_PATHS = NO;
				CLANG_CXX_LANGUAGE_STANDARD = "gnu++0x";
				CLANG_CXX_LIBRARY = "libc++";
				CLANG_ENABLE_MODULES = YES;
				CLANG_ENABLE_OBJC_ARC = YES;
				CLANG_WARN_BOOL_CONVERSION = YES;
				CLANG_WARN_CONSTANT_CONVERSION = YES;
				CLANG_WARN_DIRECT_OBJC_ISA_USAGE = YES_ERROR;
				CLANG_WARN_EMPTY_BODY = YES;
				CLANG_WARN_ENUM_CONVERSION = YES;
				CLANG_WARN_INT_CONVERSION = YES;
				CLANG_WARN_OBJC_ROOT_CLASS = YES_ERROR;
				CLANG_WARN_UNREACHABLE_CODE = YES;
				CLANG_WARN__DUPLICATE_METHOD_MATCH = YES;
				CODE_SIGN_IDENTITY = "iPhone Developer: Brian Maci (TDPTK5PLF3)";
				"CODE_SIGN_IDENTITY[sdk=iphoneos*]" = "iPhone Developer: Brian Maci (TDPTK5PLF3)";
				COPY_PHASE_STRIP = NO;
				DEBUG_INFORMATION_FORMAT = "dwarf-with-dsym";
				ENABLE_NS_ASSERTIONS = NO;
				ENABLE_STRICT_OBJC_MSGSEND = YES;
				GCC_C_LANGUAGE_STANDARD = gnu99;
				GCC_NO_COMMON_BLOCKS = YES;
				GCC_WARN_64_TO_32_BIT_CONVERSION = YES;
				GCC_WARN_ABOUT_RETURN_TYPE = YES_ERROR;
				GCC_WARN_UNDECLARED_SELECTOR = YES;
				GCC_WARN_UNINITIALIZED_AUTOS = YES_AGGRESSIVE;
				GCC_WARN_UNUSED_FUNCTION = YES;
				GCC_WARN_UNUSED_VARIABLE = YES;
				IPHONEOS_DEPLOYMENT_TARGET = 8.3;
				MTL_ENABLE_DEBUG_INFO = NO;
				PROVISIONING_PROFILE = "b1244b1d-b0bc-4ca3-a428-d805c72d082c";
				SDKROOT = iphoneos;
				TARGETED_DEVICE_FAMILY = "1,2";
				VALIDATE_PRODUCT = YES;
			};
			name = Release;
		};
		036CA1E21AFBC88F0064AB6C /* Debug */ = {
			isa = XCBuildConfiguration;
			baseConfigurationReference = C06C2D1706F010AEAB1BEA7D /* Pods-locality.debug.xcconfig */;
			buildSettings = {
				ASSETCATALOG_COMPILER_APPICON_NAME = AppIcon;
				CODE_SIGN_IDENTITY = "iPhone Developer: Brian Maci (TDPTK5PLF3)";
				"CODE_SIGN_IDENTITY[sdk=iphoneos*]" = "iPhone Developer: Brian Maci (TDPTK5PLF3)";
				INFOPLIST_FILE = locality/Info.plist;
				LD_RUNPATH_SEARCH_PATHS = "$(inherited) @executable_path/Frameworks";
				PRODUCT_NAME = "$(TARGET_NAME)";
				PROVISIONING_PROFILE = "b1244b1d-b0bc-4ca3-a428-d805c72d082c";
			};
			name = Debug;
		};
		036CA1E31AFBC88F0064AB6C /* Release */ = {
			isa = XCBuildConfiguration;
			baseConfigurationReference = DAF769E18A2F3E553FEBB732 /* Pods-locality.release.xcconfig */;
			buildSettings = {
				ASSETCATALOG_COMPILER_APPICON_NAME = AppIcon;
				CODE_SIGN_IDENTITY = "iPhone Developer: Brian Maci (TDPTK5PLF3)";
				INFOPLIST_FILE = locality/Info.plist;
				LD_RUNPATH_SEARCH_PATHS = "$(inherited) @executable_path/Frameworks";
				PRODUCT_NAME = "$(TARGET_NAME)";
				PROVISIONING_PROFILE = "b1244b1d-b0bc-4ca3-a428-d805c72d082c";
			};
			name = Release;
		};
/* End XCBuildConfiguration section */

/* Begin XCConfigurationList section */
		036CA1B91AFBC88E0064AB6C /* Build configuration list for PBXProject "locality" */ = {
			isa = XCConfigurationList;
			buildConfigurations = (
				036CA1DF1AFBC88F0064AB6C /* Debug */,
				036CA1E01AFBC88F0064AB6C /* Release */,
			);
			defaultConfigurationIsVisible = 0;
			defaultConfigurationName = Release;
		};
		036CA1E11AFBC88F0064AB6C /* Build configuration list for PBXNativeTarget "locality" */ = {
			isa = XCConfigurationList;
			buildConfigurations = (
				036CA1E21AFBC88F0064AB6C /* Debug */,
				036CA1E31AFBC88F0064AB6C /* Release */,
			);
			defaultConfigurationIsVisible = 0;
			defaultConfigurationName = Release;
		};
/* End XCConfigurationList section */
	};
	rootObject = 036CA1B61AFBC88E0064AB6C /* Project object */;
}
